// !$*UTF8*$!
{
	archiveVersion = 1;
	classes = {
	};
	objectVersion = 46;
	objects = {

/* Begin PBXBuildFile section */
		22ED5B4511DF1A7200410529 /* bson.c in Sources */ = {isa = PBXBuildFile; fileRef = 22ED5B3C11DF1A7200410529 /* bson.c */; };
		22ED5B4611DF1A7200410529 /* bson.h in Headers */ = {isa = PBXBuildFile; fileRef = 22ED5B3D11DF1A7200410529 /* bson.h */; settings = {ATTRIBUTES = (Public, ); }; };
		22ED5B4711DF1A7200410529 /* md5.c in Sources */ = {isa = PBXBuildFile; fileRef = 22ED5B3E11DF1A7200410529 /* md5.c */; };
		22ED5B4811DF1A7200410529 /* md5.h in Headers */ = {isa = PBXBuildFile; fileRef = 22ED5B3F11DF1A7200410529 /* md5.h */; settings = {ATTRIBUTES = (Public, ); }; };
		22ED5B4911DF1A7200410529 /* mongo.c in Sources */ = {isa = PBXBuildFile; fileRef = 22ED5B4011DF1A7200410529 /* mongo.c */; };
		22ED5B4A11DF1A7200410529 /* mongo.h in Headers */ = {isa = PBXBuildFile; fileRef = 22ED5B4111DF1A7200410529 /* mongo.h */; settings = {ATTRIBUTES = (Public, ); }; };
		22ED5B4C11DF1A7200410529 /* numbers.c in Sources */ = {isa = PBXBuildFile; fileRef = 22ED5B4311DF1A7200410529 /* numbers.c */; };
		22ED5BDC11DF1AC400410529 /* Foundation.framework in Frameworks */ = {isa = PBXBuildFile; fileRef = 0867D69BFE84028FC02AAC07 /* Foundation.framework */; };
		9E0A7C5A16BEE04100832C86 /* env.c in Sources */ = {isa = PBXBuildFile; fileRef = 9E0A7C5916BEE04100832C86 /* env.c */; };
		9E0A7C5D16BF0AE300832C86 /* NSString+BSONAdditions.h in Headers */ = {isa = PBXBuildFile; fileRef = 9E0A7C5B16BF0AE200832C86 /* NSString+BSONAdditions.h */; };
		9E0A7C5E16BF0AE300832C86 /* NSString+BSONAdditions.h in Headers */ = {isa = PBXBuildFile; fileRef = 9E0A7C5B16BF0AE200832C86 /* NSString+BSONAdditions.h */; };
		9E0A7C5F16BF0AE300832C86 /* NSString+BSONAdditions.m in Sources */ = {isa = PBXBuildFile; fileRef = 9E0A7C5C16BF0AE200832C86 /* NSString+BSONAdditions.m */; };
		9E0A7C6016BF0AE300832C86 /* NSString+BSONAdditions.m in Sources */ = {isa = PBXBuildFile; fileRef = 9E0A7C5C16BF0AE200832C86 /* NSString+BSONAdditions.m */; };
		9E0A7C6116BF0AE300832C86 /* NSString+BSONAdditions.m in Sources */ = {isa = PBXBuildFile; fileRef = 9E0A7C5C16BF0AE200832C86 /* NSString+BSONAdditions.m */; };
		9E0A7C6216BF0AE300832C86 /* NSString+BSONAdditions.m in Sources */ = {isa = PBXBuildFile; fileRef = 9E0A7C5C16BF0AE200832C86 /* NSString+BSONAdditions.m */; };
		9E0A7C6516BF10A000832C86 /* MongoWriteConcern.h in Headers */ = {isa = PBXBuildFile; fileRef = 9E0A7C6316BF10A000832C86 /* MongoWriteConcern.h */; };
		9E0A7C6616BF10A000832C86 /* MongoWriteConcern.m in Sources */ = {isa = PBXBuildFile; fileRef = 9E0A7C6416BF10A000832C86 /* MongoWriteConcern.m */; };
		9E0A7C6716BF10A000832C86 /* MongoWriteConcern.m in Sources */ = {isa = PBXBuildFile; fileRef = 9E0A7C6416BF10A000832C86 /* MongoWriteConcern.m */; };
		9E0A7C6816BF10A000832C86 /* MongoWriteConcern.m in Sources */ = {isa = PBXBuildFile; fileRef = 9E0A7C6416BF10A000832C86 /* MongoWriteConcern.m */; };
		9E105451150408DF00805F26 /* BSON_Helper.h in Headers */ = {isa = PBXBuildFile; fileRef = 9E10544F150408DE00805F26 /* BSON_Helper.h */; settings = {ATTRIBUTES = (Public, ); }; };
		9E105452150408DF00805F26 /* BSON_Helper.m in Sources */ = {isa = PBXBuildFile; fileRef = 9E105450150408DE00805F26 /* BSON_Helper.m */; };
		9E2725B9150AF1CD009CBE47 /* MongoConnection.h in Headers */ = {isa = PBXBuildFile; fileRef = 9E2725B7150AF1CD009CBE47 /* MongoConnection.h */; settings = {ATTRIBUTES = (Public, ); }; };
		9E2725BA150AF1CD009CBE47 /* MongoConnection.m in Sources */ = {isa = PBXBuildFile; fileRef = 9E2725B8150AF1CD009CBE47 /* MongoConnection.m */; };
		9E2725C2150B16EB009CBE47 /* BSONCoreDataTest.m in Sources */ = {isa = PBXBuildFile; fileRef = 9E2725C1150B16EB009CBE47 /* BSONCoreDataTest.m */; };
		9E2725C6150B1743009CBE47 /* CoreDataTests.xcdatamodeld in Sources */ = {isa = PBXBuildFile; fileRef = 9E2725C4150B1743009CBE47 /* CoreDataTests.xcdatamodeld */; };
		9E2725C9150B17C4009CBE47 /* CDPerson.m in Sources */ = {isa = PBXBuildFile; fileRef = 9E2725C8150B17C4009CBE47 /* CDPerson.m */; };
		9E2725E0150B2131009CBE47 /* NSManagedObject+BSONCoding.h in Headers */ = {isa = PBXBuildFile; fileRef = 9E2725DE150B2131009CBE47 /* NSManagedObject+BSONCoding.h */; settings = {ATTRIBUTES = (Public, ); }; };
		9E2725E1150B2131009CBE47 /* NSManagedObject+BSONCoding.m in Sources */ = {isa = PBXBuildFile; fileRef = 9E2725DF150B2131009CBE47 /* NSManagedObject+BSONCoding.m */; };
		9E2725E3150B2301009CBE47 /* CoreData.framework in Frameworks */ = {isa = PBXBuildFile; fileRef = 9E2725E2150B2301009CBE47 /* CoreData.framework */; };
		9E2725E4150B2315009CBE47 /* CoreData.framework in Frameworks */ = {isa = PBXBuildFile; fileRef = 9E2725E2150B2301009CBE47 /* CoreData.framework */; };
		9E2725F2150C34CB009CBE47 /* MongoDBCollection.h in Headers */ = {isa = PBXBuildFile; fileRef = 9E2725F0150C34CA009CBE47 /* MongoDBCollection.h */; settings = {ATTRIBUTES = (Public, ); }; };
		9E2725F3150C34CB009CBE47 /* MongoDBCollection.m in Sources */ = {isa = PBXBuildFile; fileRef = 9E2725F1150C34CA009CBE47 /* MongoDBCollection.m */; };
		9E3A0C49150D9C1000BD3933 /* MongoCursor.h in Headers */ = {isa = PBXBuildFile; fileRef = 9E3A0C47150D9C1000BD3933 /* MongoCursor.h */; settings = {ATTRIBUTES = (Public, ); }; };
		9E3A0C4A150D9C1000BD3933 /* MongoCursor.m in Sources */ = {isa = PBXBuildFile; fileRef = 9E3A0C48150D9C1000BD3933 /* MongoCursor.m */; };
		9E3E92A01516A04300A6F66B /* BSONTypes.m in Sources */ = {isa = PBXBuildFile; fileRef = 9EBE79B815000EA6000E767D /* BSONTypes.m */; };
		9E3E92A11516A04300A6F66B /* BSON_Helper.m in Sources */ = {isa = PBXBuildFile; fileRef = 9E105450150408DE00805F26 /* BSON_Helper.m */; };
		9E3E92A21516A04300A6F66B /* BSONDocument.m in Sources */ = {isa = PBXBuildFile; fileRef = 9EBE79C2150028D1000E767D /* BSONDocument.m */; };
		9E3E92A31516A04300A6F66B /* BSONIterator.m in Sources */ = {isa = PBXBuildFile; fileRef = 9EBE7A07150056FD000E767D /* BSONIterator.m */; };
		9E3E92A41516A04300A6F66B /* BSONEncoder.m in Sources */ = {isa = PBXBuildFile; fileRef = 9EBE79BE150013B6000E767D /* BSONEncoder.m */; };
		9E3E92A51516A04300A6F66B /* BSONDecoder.m in Sources */ = {isa = PBXBuildFile; fileRef = 9EBE7A031500463F000E767D /* BSONDecoder.m */; };
		9E3E92A61516A04300A6F66B /* NSManagedObject+BSONCoding.m in Sources */ = {isa = PBXBuildFile; fileRef = 9E2725DF150B2131009CBE47 /* NSManagedObject+BSONCoding.m */; };
		9E3E92A71516A0C600A6F66B /* BSONTypes.h in Headers */ = {isa = PBXBuildFile; fileRef = 9EBE79B715000EA6000E767D /* BSONTypes.h */; settings = {ATTRIBUTES = (Public, ); }; };
		9E3E92A81516A0C600A6F66B /* BSON_Helper.h in Headers */ = {isa = PBXBuildFile; fileRef = 9E10544F150408DE00805F26 /* BSON_Helper.h */; settings = {ATTRIBUTES = (Public, ); }; };
		9E3E92A91516A0C600A6F66B /* BSONDocument.h in Headers */ = {isa = PBXBuildFile; fileRef = 9EBE79C1150028D1000E767D /* BSONDocument.h */; settings = {ATTRIBUTES = (Public, ); }; };
		9E3E92AA1516A0C600A6F66B /* BSONIterator.h in Headers */ = {isa = PBXBuildFile; fileRef = 9EBE7A06150056FD000E767D /* BSONIterator.h */; settings = {ATTRIBUTES = (Public, ); }; };
		9E3E92AB1516A0C600A6F66B /* BSONCoding.h in Headers */ = {isa = PBXBuildFile; fileRef = 9E901BDF1508195E00CFAC85 /* BSONCoding.h */; settings = {ATTRIBUTES = (Public, ); }; };
		9E3E92AC1516A0C600A6F66B /* BSONEncoder.h in Headers */ = {isa = PBXBuildFile; fileRef = 9EBE79BD150013B6000E767D /* BSONEncoder.h */; settings = {ATTRIBUTES = (Public, ); }; };
		9E3E92AD1516A0C600A6F66B /* BSONDecoder.h in Headers */ = {isa = PBXBuildFile; fileRef = 9EBE7A021500463F000E767D /* BSONDecoder.h */; settings = {ATTRIBUTES = (Public, ); }; };
		9E3E92AE1516A0C600A6F66B /* NSManagedObject+BSONCoding.h in Headers */ = {isa = PBXBuildFile; fileRef = 9E2725DE150B2131009CBE47 /* NSManagedObject+BSONCoding.h */; settings = {ATTRIBUTES = (Public, ); }; };
		9E3E92B11516A11A00A6F66B /* ObjCBSON.h in Headers */ = {isa = PBXBuildFile; fileRef = 9E3E92AF1516A11A00A6F66B /* ObjCBSON.h */; settings = {ATTRIBUTES = (Public, ); }; };
		9E3E92B21516A11A00A6F66B /* ObjCBSON.h in Headers */ = {isa = PBXBuildFile; fileRef = 9E3E92AF1516A11A00A6F66B /* ObjCBSON.h */; settings = {ATTRIBUTES = (Public, ); }; };
		9E3E92B61516A1BC00A6F66B /* ObjCBSON.m in Sources */ = {isa = PBXBuildFile; fileRef = 9E3E92B51516A1BC00A6F66B /* ObjCBSON.m */; };
		9E3E92B71516A1BC00A6F66B /* ObjCBSON.m in Sources */ = {isa = PBXBuildFile; fileRef = 9E3E92B51516A1BC00A6F66B /* ObjCBSON.m */; };
		9E3E92B81516A21500A6F66B /* bson.c in Sources */ = {isa = PBXBuildFile; fileRef = 22ED5B3C11DF1A7200410529 /* bson.c */; };
		9E3E92B91516A22700A6F66B /* encoding.h in Headers */ = {isa = PBXBuildFile; fileRef = C2891A45150AB6D40065E2E9 /* encoding.h */; settings = {ATTRIBUTES = (Public, ); }; };
		9E3E92BA1516A24300A6F66B /* numbers.c in Sources */ = {isa = PBXBuildFile; fileRef = 22ED5B4311DF1A7200410529 /* numbers.c */; };
		9E3E92BC1516A2C100A6F66B /* encoding.c in Sources */ = {isa = PBXBuildFile; fileRef = C2891A44150AB6D40065E2E9 /* encoding.c */; };
		9E3E92BD1516A2EC00A6F66B /* bson.h in Headers */ = {isa = PBXBuildFile; fileRef = 22ED5B3D11DF1A7200410529 /* bson.h */; settings = {ATTRIBUTES = (Public, ); }; };
		9E72DC92150EBC7E00217439 /* PredicateTest.m in Sources */ = {isa = PBXBuildFile; fileRef = 9E72DC91150EBC7E00217439 /* PredicateTest.m */; };
		9E901BE01508195E00CFAC85 /* BSONCoding.h in Headers */ = {isa = PBXBuildFile; fileRef = 9E901BDF1508195E00CFAC85 /* BSONCoding.h */; settings = {ATTRIBUTES = (Public, ); }; };
		9E97CD1416B0A1630035480E /* ObjCMongoDB.h in Headers */ = {isa = PBXBuildFile; fileRef = 9E97CD1316B0A1630035480E /* ObjCMongoDB.h */; settings = {ATTRIBUTES = (Public, ); }; };
		9E97CD1516B0A1850035480E /* Mongo_PrivateInterfaces.h in Headers */ = {isa = PBXBuildFile; fileRef = 9E97CC9A16B063530035480E /* Mongo_PrivateInterfaces.h */; settings = {ATTRIBUTES = (Private, ); }; };
		9E97CD1616B0A1990035480E /* BSON_PrivateInterfaces.h in Headers */ = {isa = PBXBuildFile; fileRef = 9E97CC9916B0629A0035480E /* BSON_PrivateInterfaces.h */; settings = {ATTRIBUTES = (Private, ); }; };
		9E97CD1716B0A1A10035480E /* BSON_PrivateInterfaces.h in Headers */ = {isa = PBXBuildFile; fileRef = 9E97CC9916B0629A0035480E /* BSON_PrivateInterfaces.h */; settings = {ATTRIBUTES = (Private, ); }; };
		9E9BE871150FBEC600B6FCAB /* MongoPredicate.h in Headers */ = {isa = PBXBuildFile; fileRef = 9E9BE86F150FBEC600B6FCAB /* MongoPredicate.h */; settings = {ATTRIBUTES = (Public, ); }; };
		9E9BE872150FBEC600B6FCAB /* MongoPredicate.m in Sources */ = {isa = PBXBuildFile; fileRef = 9E9BE870150FBEC600B6FCAB /* MongoPredicate.m */; };
		9EAAB0461613B35B001436B2 /* OrderedDictionary.h in Headers */ = {isa = PBXBuildFile; fileRef = 9EFF2B70150D6B3600EDC285 /* OrderedDictionary.h */; settings = {ATTRIBUTES = (Public, ); }; };
		9EAAB0481613B3C1001436B2 /* OrderedDictionary.m in Sources */ = {isa = PBXBuildFile; fileRef = 9EFF2B6F150D6B3600EDC285 /* OrderedDictionary.m */; };
		9EBE79B3150006DF000E767D /* gridfs.c in Sources */ = {isa = PBXBuildFile; fileRef = 9EBE79B1150006DF000E767D /* gridfs.c */; };
		9EBE79B4150006DF000E767D /* gridfs.h in Headers */ = {isa = PBXBuildFile; fileRef = 9EBE79B2150006DF000E767D /* gridfs.h */; settings = {ATTRIBUTES = (Public, ); }; };
		9EBE79B6150007C4000E767D /* AppKit.framework in Frameworks */ = {isa = PBXBuildFile; fileRef = 9EBE79B5150007C4000E767D /* AppKit.framework */; };
		9EBE79B915000EA7000E767D /* BSONTypes.h in Headers */ = {isa = PBXBuildFile; fileRef = 9EBE79B715000EA6000E767D /* BSONTypes.h */; settings = {ATTRIBUTES = (Public, ); }; };
		9EBE79BA15000EA7000E767D /* BSONTypes.m in Sources */ = {isa = PBXBuildFile; fileRef = 9EBE79B815000EA6000E767D /* BSONTypes.m */; };
		9EBE79BF150013B6000E767D /* BSONEncoder.h in Headers */ = {isa = PBXBuildFile; fileRef = 9EBE79BD150013B6000E767D /* BSONEncoder.h */; settings = {ATTRIBUTES = (Public, ); }; };
		9EBE79C0150013B6000E767D /* BSONEncoder.m in Sources */ = {isa = PBXBuildFile; fileRef = 9EBE79BE150013B6000E767D /* BSONEncoder.m */; };
		9EBE79C3150028D1000E767D /* BSONDocument.h in Headers */ = {isa = PBXBuildFile; fileRef = 9EBE79C1150028D1000E767D /* BSONDocument.h */; settings = {ATTRIBUTES = (Public, ); }; };
		9EBE79C4150028D1000E767D /* BSONDocument.m in Sources */ = {isa = PBXBuildFile; fileRef = 9EBE79C2150028D1000E767D /* BSONDocument.m */; };
		9EBE79EA150040D4000E767D /* SenTestingKit.framework in Frameworks */ = {isa = PBXBuildFile; fileRef = 9EBE79E9150040D4000E767D /* SenTestingKit.framework */; };
		9EBE79EC150040D4000E767D /* Cocoa.framework in Frameworks */ = {isa = PBXBuildFile; fileRef = 9EBE79EB150040D4000E767D /* Cocoa.framework */; };
		9EBE79F6150040D5000E767D /* InfoPlist.strings in Resources */ = {isa = PBXBuildFile; fileRef = 9EBE79F4150040D5000E767D /* InfoPlist.strings */; };
		9EBE79F9150040D5000E767D /* BSONTest.m in Sources */ = {isa = PBXBuildFile; fileRef = 9EBE79F8150040D5000E767D /* BSONTest.m */; };
		9EBE79FF15004163000E767D /* ObjCMongoDB.framework in Frameworks */ = {isa = PBXBuildFile; fileRef = 8DC2EF5B0486A6940098B216 /* ObjCMongoDB.framework */; };
		9EBE7A0415004640000E767D /* BSONDecoder.h in Headers */ = {isa = PBXBuildFile; fileRef = 9EBE7A021500463F000E767D /* BSONDecoder.h */; settings = {ATTRIBUTES = (Public, ); }; };
		9EBE7A0515004640000E767D /* BSONDecoder.m in Sources */ = {isa = PBXBuildFile; fileRef = 9EBE7A031500463F000E767D /* BSONDecoder.m */; };
		9EBE7A08150056FE000E767D /* BSONIterator.h in Headers */ = {isa = PBXBuildFile; fileRef = 9EBE7A06150056FD000E767D /* BSONIterator.h */; settings = {ATTRIBUTES = (Public, ); }; };
		9EBE7A09150056FE000E767D /* BSONIterator.m in Sources */ = {isa = PBXBuildFile; fileRef = 9EBE7A07150056FD000E767D /* BSONIterator.m */; };
		9EE59A6815837B5800040FE7 /* FindTest.m in Sources */ = {isa = PBXBuildFile; fileRef = 9EE59A6715837B5800040FE7 /* FindTest.m */; };
		9EF20B0815167949009D9402 /* GetLastErrorTest.m in Sources */ = {isa = PBXBuildFile; fileRef = 9EF20B04151678FF009D9402 /* GetLastErrorTest.m */; };
		9EF20B151516892A009D9402 /* Cocoa.framework in Frameworks */ = {isa = PBXBuildFile; fileRef = 9EBE79EB150040D4000E767D /* Cocoa.framework */; };
		9EF20B1F1516892A009D9402 /* InfoPlist.strings in Resources */ = {isa = PBXBuildFile; fileRef = 9EF20B1D1516892A009D9402 /* InfoPlist.strings */; };
		9EFA29D9152CC65A004F50D2 /* UpdateTest.m in Sources */ = {isa = PBXBuildFile; fileRef = 9EFA29D8152CC65A004F50D2 /* UpdateTest.m */; };
		9EFA29E1152CCD70004F50D2 /* env.h in Headers */ = {isa = PBXBuildFile; fileRef = 9EFA29DC152CCD70004F50D2 /* env.h */; settings = {ATTRIBUTES = (Public, ); }; };
		9EFA29EE152D064A004F50D2 /* MongoUpdateRequest.h in Headers */ = {isa = PBXBuildFile; fileRef = 9EFA29EC152D0649004F50D2 /* MongoUpdateRequest.h */; settings = {ATTRIBUTES = (Public, ); }; };
		9EFA29EF152D064A004F50D2 /* MongoUpdateRequest.m in Sources */ = {isa = PBXBuildFile; fileRef = 9EFA29ED152D0649004F50D2 /* MongoUpdateRequest.m */; };
		9EFF2B4E150C455D00EDC285 /* Mongo_Helper.h in Headers */ = {isa = PBXBuildFile; fileRef = 9EFF2B4C150C455D00EDC285 /* Mongo_Helper.h */; settings = {ATTRIBUTES = (Private, ); }; };
		9EFF2B4F150C455D00EDC285 /* Mongo_Helper.m in Sources */ = {isa = PBXBuildFile; fileRef = 9EFF2B4D150C455D00EDC285 /* Mongo_Helper.m */; };
		9EFF2B55150D081E00EDC285 /* MongoKeyedPredicate.h in Headers */ = {isa = PBXBuildFile; fileRef = 9EFF2B53150D081D00EDC285 /* MongoKeyedPredicate.h */; settings = {ATTRIBUTES = (Public, ); }; };
		9EFF2B56150D081E00EDC285 /* MongoKeyedPredicate.m in Sources */ = {isa = PBXBuildFile; fileRef = 9EFF2B54150D081E00EDC285 /* MongoKeyedPredicate.m */; };
		9EFF2B5D150D5B7B00EDC285 /* SenTestingKit.framework in Frameworks */ = {isa = PBXBuildFile; fileRef = 9EBE79E9150040D4000E767D /* SenTestingKit.framework */; };
		9EFF2B5E150D5B7B00EDC285 /* Cocoa.framework in Frameworks */ = {isa = PBXBuildFile; fileRef = 9EBE79EB150040D4000E767D /* Cocoa.framework */; };
		9EFF2B64150D5B7B00EDC285 /* InfoPlist.strings in Resources */ = {isa = PBXBuildFile; fileRef = 9EFF2B62150D5B7B00EDC285 /* InfoPlist.strings */; };
		9EFF2B6E150D5C3500EDC285 /* ObjCMongoDB.framework in Frameworks */ = {isa = PBXBuildFile; fileRef = 8DC2EF5B0486A6940098B216 /* ObjCMongoDB.framework */; };
		9EFF2B71150D6B3600EDC285 /* OrderedDictionary.m in Sources */ = {isa = PBXBuildFile; fileRef = 9EFF2B6F150D6B3600EDC285 /* OrderedDictionary.m */; };
		9EFF2B72150D6B3600EDC285 /* OrderedDictionary.h in Headers */ = {isa = PBXBuildFile; fileRef = 9EFF2B70150D6B3600EDC285 /* OrderedDictionary.h */; settings = {ATTRIBUTES = (Public, ); }; };
		9EFF2B76150D780400EDC285 /* MongoFindRequest.h in Headers */ = {isa = PBXBuildFile; fileRef = 9EFF2B74150D780300EDC285 /* MongoFindRequest.h */; settings = {ATTRIBUTES = (Public, ); }; };
		9EFF2B77150D780400EDC285 /* MongoFindRequest.m in Sources */ = {isa = PBXBuildFile; fileRef = 9EFF2B75150D780400EDC285 /* MongoFindRequest.m */; };
		C2891A49150AB6D40065E2E9 /* encoding.c in Sources */ = {isa = PBXBuildFile; fileRef = C2891A44150AB6D40065E2E9 /* encoding.c */; };
		C2891A4A150AB6D40065E2E9 /* encoding.h in Headers */ = {isa = PBXBuildFile; fileRef = C2891A45150AB6D40065E2E9 /* encoding.h */; settings = {ATTRIBUTES = (Public, ); }; };
/* End PBXBuildFile section */

/* Begin PBXContainerItemProxy section */
		9EBE7A0015004169000E767D /* PBXContainerItemProxy */ = {
			isa = PBXContainerItemProxy;
			containerPortal = 0867D690FE84028FC02AAC07 /* Project object */;
			proxyType = 1;
			remoteGlobalIDString = 8DC2EF4F0486A6940098B216;
			remoteInfo = ObjCMongoDB;
		};
		9EFF2B6C150D5BAA00EDC285 /* PBXContainerItemProxy */ = {
			isa = PBXContainerItemProxy;
			containerPortal = 0867D690FE84028FC02AAC07 /* Project object */;
			proxyType = 1;
			remoteGlobalIDString = 8DC2EF4F0486A6940098B216;
			remoteInfo = ObjCMongoDB;
		};
/* End PBXContainerItemProxy section */

/* Begin PBXFileReference section */
		0867D69BFE84028FC02AAC07 /* Foundation.framework */ = {isa = PBXFileReference; lastKnownFileType = wrapper.framework; name = Foundation.framework; path = /System/Library/Frameworks/Foundation.framework; sourceTree = "<absolute>"; };
		22ED5B3C11DF1A7200410529 /* bson.c */ = {isa = PBXFileReference; fileEncoding = 4; lastKnownFileType = sourcecode.c.c; path = bson.c; sourceTree = "<group>"; };
		22ED5B3D11DF1A7200410529 /* bson.h */ = {isa = PBXFileReference; fileEncoding = 4; lastKnownFileType = sourcecode.c.h; path = bson.h; sourceTree = "<group>"; };
		22ED5B3E11DF1A7200410529 /* md5.c */ = {isa = PBXFileReference; fileEncoding = 4; lastKnownFileType = sourcecode.c.c; path = md5.c; sourceTree = "<group>"; };
		22ED5B3F11DF1A7200410529 /* md5.h */ = {isa = PBXFileReference; fileEncoding = 4; lastKnownFileType = sourcecode.c.h; path = md5.h; sourceTree = "<group>"; };
		22ED5B4011DF1A7200410529 /* mongo.c */ = {isa = PBXFileReference; fileEncoding = 4; lastKnownFileType = sourcecode.c.c; path = mongo.c; sourceTree = "<group>"; };
		22ED5B4111DF1A7200410529 /* mongo.h */ = {isa = PBXFileReference; fileEncoding = 4; lastKnownFileType = sourcecode.c.h; path = mongo.h; sourceTree = "<group>"; };
		22ED5B4311DF1A7200410529 /* numbers.c */ = {isa = PBXFileReference; fileEncoding = 4; lastKnownFileType = sourcecode.c.c; path = numbers.c; sourceTree = "<group>"; };
		8DC2EF5B0486A6940098B216 /* ObjCMongoDB.framework */ = {isa = PBXFileReference; explicitFileType = wrapper.framework; includeInIndex = 0; path = ObjCMongoDB.framework; sourceTree = BUILT_PRODUCTS_DIR; };
		9E0A7C5916BEE04100832C86 /* env.c */ = {isa = PBXFileReference; fileEncoding = 4; lastKnownFileType = sourcecode.c.c; path = env.c; sourceTree = "<group>"; };
		9E0A7C5B16BF0AE200832C86 /* NSString+BSONAdditions.h */ = {isa = PBXFileReference; fileEncoding = 4; lastKnownFileType = sourcecode.c.h; path = "NSString+BSONAdditions.h"; sourceTree = "<group>"; };
		9E0A7C5C16BF0AE200832C86 /* NSString+BSONAdditions.m */ = {isa = PBXFileReference; fileEncoding = 4; lastKnownFileType = sourcecode.c.objc; path = "NSString+BSONAdditions.m"; sourceTree = "<group>"; };
		9E0A7C6316BF10A000832C86 /* MongoWriteConcern.h */ = {isa = PBXFileReference; fileEncoding = 4; lastKnownFileType = sourcecode.c.h; path = MongoWriteConcern.h; sourceTree = "<group>"; };
		9E0A7C6416BF10A000832C86 /* MongoWriteConcern.m */ = {isa = PBXFileReference; fileEncoding = 4; lastKnownFileType = sourcecode.c.objc; path = MongoWriteConcern.m; sourceTree = "<group>"; };
		9E1054411503EE5800805F26 /* README */ = {isa = PBXFileReference; fileEncoding = 4; lastKnownFileType = text; path = README; sourceTree = "<group>"; };
		9E1054441503EEEA00805F26 /* APACHE-2.0.txt */ = {isa = PBXFileReference; lastKnownFileType = text; path = "APACHE-2.0.txt"; sourceTree = "<group>"; };
		9E1054461503F05000805F26 /* NOTICE */ = {isa = PBXFileReference; fileEncoding = 4; lastKnownFileType = text; path = NOTICE; sourceTree = "<group>"; };
		9E1054491503F6ED00805F26 /* ObjcMongoDB-Info.plist */ = {isa = PBXFileReference; fileEncoding = 4; lastKnownFileType = text.plist.xml; path = "ObjcMongoDB-Info.plist"; sourceTree = "<group>"; };
		9E10544F150408DE00805F26 /* BSON_Helper.h */ = {isa = PBXFileReference; fileEncoding = 4; lastKnownFileType = sourcecode.c.h; path = BSON_Helper.h; sourceTree = "<group>"; };
		9E105450150408DE00805F26 /* BSON_Helper.m */ = {isa = PBXFileReference; fileEncoding = 4; lastKnownFileType = sourcecode.c.objc; path = BSON_Helper.m; sourceTree = "<group>"; };
		9E2725B7150AF1CD009CBE47 /* MongoConnection.h */ = {isa = PBXFileReference; fileEncoding = 4; lastKnownFileType = sourcecode.c.h; path = MongoConnection.h; sourceTree = "<group>"; };
		9E2725B8150AF1CD009CBE47 /* MongoConnection.m */ = {isa = PBXFileReference; fileEncoding = 4; lastKnownFileType = sourcecode.c.objc; path = MongoConnection.m; sourceTree = "<group>"; };
		9E2725C0150B16EB009CBE47 /* BSONCoreDataTest.h */ = {isa = PBXFileReference; fileEncoding = 4; lastKnownFileType = sourcecode.c.h; path = BSONCoreDataTest.h; sourceTree = "<group>"; };
		9E2725C1150B16EB009CBE47 /* BSONCoreDataTest.m */ = {isa = PBXFileReference; fileEncoding = 4; lastKnownFileType = sourcecode.c.objc; path = BSONCoreDataTest.m; sourceTree = "<group>"; };
		9E2725C5150B1743009CBE47 /* CoreDataTests.xcdatamodel */ = {isa = PBXFileReference; lastKnownFileType = wrapper.xcdatamodel; path = CoreDataTests.xcdatamodel; sourceTree = "<group>"; };
		9E2725C7150B17C4009CBE47 /* CDPerson.h */ = {isa = PBXFileReference; fileEncoding = 4; lastKnownFileType = sourcecode.c.h; path = CDPerson.h; sourceTree = "<group>"; };
		9E2725C8150B17C4009CBE47 /* CDPerson.m */ = {isa = PBXFileReference; fileEncoding = 4; lastKnownFileType = sourcecode.c.objc; path = CDPerson.m; sourceTree = "<group>"; };
		9E2725DE150B2131009CBE47 /* NSManagedObject+BSONCoding.h */ = {isa = PBXFileReference; fileEncoding = 4; lastKnownFileType = sourcecode.c.h; path = "NSManagedObject+BSONCoding.h"; sourceTree = "<group>"; };
		9E2725DF150B2131009CBE47 /* NSManagedObject+BSONCoding.m */ = {isa = PBXFileReference; fileEncoding = 4; lastKnownFileType = sourcecode.c.objc; path = "NSManagedObject+BSONCoding.m"; sourceTree = "<group>"; };
		9E2725E2150B2301009CBE47 /* CoreData.framework */ = {isa = PBXFileReference; lastKnownFileType = wrapper.framework; name = CoreData.framework; path = System/Library/Frameworks/CoreData.framework; sourceTree = SDKROOT; };
		9E2725F0150C34CA009CBE47 /* MongoDBCollection.h */ = {isa = PBXFileReference; fileEncoding = 4; lastKnownFileType = sourcecode.c.h; path = MongoDBCollection.h; sourceTree = "<group>"; };
		9E2725F1150C34CA009CBE47 /* MongoDBCollection.m */ = {isa = PBXFileReference; fileEncoding = 4; lastKnownFileType = sourcecode.c.objc; path = MongoDBCollection.m; sourceTree = "<group>"; };
		9E3A0C47150D9C1000BD3933 /* MongoCursor.h */ = {isa = PBXFileReference; fileEncoding = 4; lastKnownFileType = sourcecode.c.h; path = MongoCursor.h; sourceTree = "<group>"; };
		9E3A0C48150D9C1000BD3933 /* MongoCursor.m */ = {isa = PBXFileReference; fileEncoding = 4; lastKnownFileType = sourcecode.c.objc; path = MongoCursor.m; sourceTree = "<group>"; };
		9E3E92AF1516A11A00A6F66B /* ObjCBSON.h */ = {isa = PBXFileReference; fileEncoding = 4; lastKnownFileType = sourcecode.c.h; path = ObjCBSON.h; sourceTree = "<group>"; };
		9E3E92B51516A1BC00A6F66B /* ObjCBSON.m */ = {isa = PBXFileReference; fileEncoding = 4; lastKnownFileType = sourcecode.c.objc; path = ObjCBSON.m; sourceTree = "<group>"; };
		9E46E9D01504221600F13A36 /* ObjCMongoDB_Prefix.pch */ = {isa = PBXFileReference; lastKnownFileType = sourcecode.c.h; path = ObjCMongoDB_Prefix.pch; sourceTree = "<group>"; };
		9E72DC90150EBC7E00217439 /* PredicateTest.h */ = {isa = PBXFileReference; fileEncoding = 4; lastKnownFileType = sourcecode.c.h; path = PredicateTest.h; sourceTree = "<group>"; };
		9E72DC91150EBC7E00217439 /* PredicateTest.m */ = {isa = PBXFileReference; fileEncoding = 4; lastKnownFileType = sourcecode.c.objc; path = PredicateTest.m; sourceTree = "<group>"; };
		9E901BDF1508195E00CFAC85 /* BSONCoding.h */ = {isa = PBXFileReference; fileEncoding = 4; lastKnownFileType = sourcecode.c.h; path = BSONCoding.h; sourceTree = "<group>"; };
		9E97CC9916B0629A0035480E /* BSON_PrivateInterfaces.h */ = {isa = PBXFileReference; lastKnownFileType = sourcecode.c.h; path = BSON_PrivateInterfaces.h; sourceTree = "<group>"; };
		9E97CC9A16B063530035480E /* Mongo_PrivateInterfaces.h */ = {isa = PBXFileReference; lastKnownFileType = sourcecode.c.h; path = Mongo_PrivateInterfaces.h; sourceTree = "<group>"; };
		9E97CD1316B0A1630035480E /* ObjCMongoDB.h */ = {isa = PBXFileReference; fileEncoding = 4; lastKnownFileType = sourcecode.c.h; path = ObjCMongoDB.h; sourceTree = "<group>"; };
		9E9BE86F150FBEC600B6FCAB /* MongoPredicate.h */ = {isa = PBXFileReference; fileEncoding = 4; lastKnownFileType = sourcecode.c.h; path = MongoPredicate.h; sourceTree = "<group>"; };
		9E9BE870150FBEC600B6FCAB /* MongoPredicate.m */ = {isa = PBXFileReference; fileEncoding = 4; lastKnownFileType = sourcecode.c.objc; path = MongoPredicate.m; sourceTree = "<group>"; };
		9EBE79B1150006DF000E767D /* gridfs.c */ = {isa = PBXFileReference; fileEncoding = 4; lastKnownFileType = sourcecode.c.c; path = gridfs.c; sourceTree = "<group>"; };
		9EBE79B2150006DF000E767D /* gridfs.h */ = {isa = PBXFileReference; fileEncoding = 4; lastKnownFileType = sourcecode.c.h; path = gridfs.h; sourceTree = "<group>"; };
		9EBE79B5150007C4000E767D /* AppKit.framework */ = {isa = PBXFileReference; lastKnownFileType = wrapper.framework; name = AppKit.framework; path = System/Library/Frameworks/AppKit.framework; sourceTree = SDKROOT; };
		9EBE79B715000EA6000E767D /* BSONTypes.h */ = {isa = PBXFileReference; fileEncoding = 4; lastKnownFileType = sourcecode.c.h; path = BSONTypes.h; sourceTree = "<group>"; };
		9EBE79B815000EA6000E767D /* BSONTypes.m */ = {isa = PBXFileReference; fileEncoding = 4; lastKnownFileType = sourcecode.c.objc; path = BSONTypes.m; sourceTree = "<group>"; };
		9EBE79BD150013B6000E767D /* BSONEncoder.h */ = {isa = PBXFileReference; fileEncoding = 4; lastKnownFileType = sourcecode.c.h; path = BSONEncoder.h; sourceTree = "<group>"; };
		9EBE79BE150013B6000E767D /* BSONEncoder.m */ = {isa = PBXFileReference; fileEncoding = 4; lastKnownFileType = sourcecode.c.objc; path = BSONEncoder.m; sourceTree = "<group>"; };
		9EBE79C1150028D1000E767D /* BSONDocument.h */ = {isa = PBXFileReference; fileEncoding = 4; lastKnownFileType = sourcecode.c.h; path = BSONDocument.h; sourceTree = "<group>"; };
		9EBE79C2150028D1000E767D /* BSONDocument.m */ = {isa = PBXFileReference; fileEncoding = 4; lastKnownFileType = sourcecode.c.objc; path = BSONDocument.m; sourceTree = "<group>"; };
		9EBE79E8150040D4000E767D /* BSONTests.octest */ = {isa = PBXFileReference; explicitFileType = wrapper.cfbundle; includeInIndex = 0; path = BSONTests.octest; sourceTree = BUILT_PRODUCTS_DIR; };
		9EBE79E9150040D4000E767D /* SenTestingKit.framework */ = {isa = PBXFileReference; lastKnownFileType = wrapper.framework; name = SenTestingKit.framework; path = Library/Frameworks/SenTestingKit.framework; sourceTree = DEVELOPER_DIR; };
		9EBE79EB150040D4000E767D /* Cocoa.framework */ = {isa = PBXFileReference; lastKnownFileType = wrapper.framework; name = Cocoa.framework; path = Library/Frameworks/Cocoa.framework; sourceTree = DEVELOPER_DIR; };
		9EBE79F3150040D5000E767D /* BSONTest-Info.plist */ = {isa = PBXFileReference; lastKnownFileType = text.plist.xml; path = "BSONTest-Info.plist"; sourceTree = "<group>"; };
		9EBE79F5150040D5000E767D /* en */ = {isa = PBXFileReference; lastKnownFileType = text.plist.strings; name = en; path = en.lproj/InfoPlist.strings; sourceTree = "<group>"; };
		9EBE79F7150040D5000E767D /* BSONTest.h */ = {isa = PBXFileReference; lastKnownFileType = sourcecode.c.h; path = BSONTest.h; sourceTree = "<group>"; };
		9EBE79F8150040D5000E767D /* BSONTest.m */ = {isa = PBXFileReference; lastKnownFileType = sourcecode.c.objc; path = BSONTest.m; sourceTree = "<group>"; };
		9EBE79FA150040D5000E767D /* BSONTest-Prefix.pch */ = {isa = PBXFileReference; lastKnownFileType = sourcecode.c.h; path = "BSONTest-Prefix.pch"; sourceTree = "<group>"; };
		9EBE7A021500463F000E767D /* BSONDecoder.h */ = {isa = PBXFileReference; fileEncoding = 4; lastKnownFileType = sourcecode.c.h; path = BSONDecoder.h; sourceTree = "<group>"; };
		9EBE7A031500463F000E767D /* BSONDecoder.m */ = {isa = PBXFileReference; fileEncoding = 4; lastKnownFileType = sourcecode.c.objc; path = BSONDecoder.m; sourceTree = "<group>"; };
		9EBE7A06150056FD000E767D /* BSONIterator.h */ = {isa = PBXFileReference; fileEncoding = 4; lastKnownFileType = sourcecode.c.h; path = BSONIterator.h; sourceTree = "<group>"; };
		9EBE7A07150056FD000E767D /* BSONIterator.m */ = {isa = PBXFileReference; fileEncoding = 4; lastKnownFileType = sourcecode.c.objc; path = BSONIterator.m; sourceTree = "<group>"; };
		9EE59A6615837B5800040FE7 /* FindTest.h */ = {isa = PBXFileReference; fileEncoding = 4; lastKnownFileType = sourcecode.c.h; path = FindTest.h; sourceTree = "<group>"; };
		9EE59A6715837B5800040FE7 /* FindTest.m */ = {isa = PBXFileReference; fileEncoding = 4; lastKnownFileType = sourcecode.c.objc; path = FindTest.m; sourceTree = "<group>"; };
		9EF20B03151678FF009D9402 /* GetLastErrorTest.h */ = {isa = PBXFileReference; fileEncoding = 4; lastKnownFileType = sourcecode.c.h; path = GetLastErrorTest.h; sourceTree = "<group>"; };
		9EF20B04151678FF009D9402 /* GetLastErrorTest.m */ = {isa = PBXFileReference; fileEncoding = 4; lastKnownFileType = sourcecode.c.objc; path = GetLastErrorTest.m; sourceTree = "<group>"; };
		9EF20B141516892A009D9402 /* BSON.framework */ = {isa = PBXFileReference; explicitFileType = wrapper.framework; includeInIndex = 0; path = BSON.framework; sourceTree = BUILT_PRODUCTS_DIR; };
		9EF20B171516892A009D9402 /* AppKit.framework */ = {isa = PBXFileReference; lastKnownFileType = wrapper.framework; name = AppKit.framework; path = System/Library/Frameworks/AppKit.framework; sourceTree = SDKROOT; };
		9EF20B181516892A009D9402 /* CoreData.framework */ = {isa = PBXFileReference; lastKnownFileType = wrapper.framework; name = CoreData.framework; path = System/Library/Frameworks/CoreData.framework; sourceTree = SDKROOT; };
		9EF20B191516892A009D9402 /* Foundation.framework */ = {isa = PBXFileReference; lastKnownFileType = wrapper.framework; name = Foundation.framework; path = System/Library/Frameworks/Foundation.framework; sourceTree = SDKROOT; };
		9EF20B1C1516892A009D9402 /* BSON-Info.plist */ = {isa = PBXFileReference; lastKnownFileType = text.plist.xml; path = "BSON-Info.plist"; sourceTree = "<group>"; };
		9EF20B1E1516892A009D9402 /* en */ = {isa = PBXFileReference; lastKnownFileType = text.plist.strings; name = en; path = en.lproj/InfoPlist.strings; sourceTree = "<group>"; };
		9EF20B201516892A009D9402 /* BSON-Prefix.pch */ = {isa = PBXFileReference; lastKnownFileType = sourcecode.c.h; path = "BSON-Prefix.pch"; sourceTree = "<group>"; };
		9EFA29D7152CC65A004F50D2 /* UpdateTest.h */ = {isa = PBXFileReference; fileEncoding = 4; lastKnownFileType = sourcecode.c.h; path = UpdateTest.h; sourceTree = "<group>"; };
		9EFA29D8152CC65A004F50D2 /* UpdateTest.m */ = {isa = PBXFileReference; fileEncoding = 4; lastKnownFileType = sourcecode.c.objc; path = UpdateTest.m; sourceTree = "<group>"; };
		9EFA29DC152CCD70004F50D2 /* env.h */ = {isa = PBXFileReference; fileEncoding = 4; lastKnownFileType = sourcecode.c.h; path = env.h; sourceTree = "<group>"; };
		9EFA29EC152D0649004F50D2 /* MongoUpdateRequest.h */ = {isa = PBXFileReference; fileEncoding = 4; lastKnownFileType = sourcecode.c.h; path = MongoUpdateRequest.h; sourceTree = "<group>"; };
		9EFA29ED152D0649004F50D2 /* MongoUpdateRequest.m */ = {isa = PBXFileReference; fileEncoding = 4; lastKnownFileType = sourcecode.c.objc; path = MongoUpdateRequest.m; sourceTree = "<group>"; };
		9EFF2B4C150C455D00EDC285 /* Mongo_Helper.h */ = {isa = PBXFileReference; fileEncoding = 4; lastKnownFileType = sourcecode.c.h; path = Mongo_Helper.h; sourceTree = "<group>"; };
		9EFF2B4D150C455D00EDC285 /* Mongo_Helper.m */ = {isa = PBXFileReference; fileEncoding = 4; lastKnownFileType = sourcecode.c.objc; path = Mongo_Helper.m; sourceTree = "<group>"; };
		9EFF2B53150D081D00EDC285 /* MongoKeyedPredicate.h */ = {isa = PBXFileReference; fileEncoding = 4; lastKnownFileType = sourcecode.c.h; path = MongoKeyedPredicate.h; sourceTree = "<group>"; };
		9EFF2B54150D081E00EDC285 /* MongoKeyedPredicate.m */ = {isa = PBXFileReference; fileEncoding = 4; lastKnownFileType = sourcecode.c.objc; path = MongoKeyedPredicate.m; sourceTree = "<group>"; };
		9EFF2B5C150D5B7B00EDC285 /* MongoTests.octest */ = {isa = PBXFileReference; explicitFileType = wrapper.cfbundle; includeInIndex = 0; path = MongoTests.octest; sourceTree = BUILT_PRODUCTS_DIR; };
		9EFF2B61150D5B7B00EDC285 /* MongoTests-Info.plist */ = {isa = PBXFileReference; lastKnownFileType = text.plist.xml; path = "MongoTests-Info.plist"; sourceTree = "<group>"; };
		9EFF2B63150D5B7B00EDC285 /* en */ = {isa = PBXFileReference; lastKnownFileType = text.plist.strings; name = en; path = en.lproj/InfoPlist.strings; sourceTree = "<group>"; };
		9EFF2B68150D5B7B00EDC285 /* MongoTests-Prefix.pch */ = {isa = PBXFileReference; lastKnownFileType = sourcecode.c.h; path = "MongoTests-Prefix.pch"; sourceTree = "<group>"; };
		9EFF2B6F150D6B3600EDC285 /* OrderedDictionary.m */ = {isa = PBXFileReference; fileEncoding = 4; lastKnownFileType = sourcecode.c.objc; path = OrderedDictionary.m; sourceTree = "<group>"; };
		9EFF2B70150D6B3600EDC285 /* OrderedDictionary.h */ = {isa = PBXFileReference; fileEncoding = 4; lastKnownFileType = sourcecode.c.h; path = OrderedDictionary.h; sourceTree = "<group>"; };
		9EFF2B74150D780300EDC285 /* MongoFindRequest.h */ = {isa = PBXFileReference; fileEncoding = 4; lastKnownFileType = sourcecode.c.h; path = MongoFindRequest.h; sourceTree = "<group>"; };
		9EFF2B75150D780400EDC285 /* MongoFindRequest.m */ = {isa = PBXFileReference; fileEncoding = 4; lastKnownFileType = sourcecode.c.objc; path = MongoFindRequest.m; sourceTree = "<group>"; };
		C2891A44150AB6D40065E2E9 /* encoding.c */ = {isa = PBXFileReference; fileEncoding = 4; lastKnownFileType = sourcecode.c.c; path = encoding.c; sourceTree = "<group>"; };
		C2891A45150AB6D40065E2E9 /* encoding.h */ = {isa = PBXFileReference; fileEncoding = 4; lastKnownFileType = sourcecode.c.h; path = encoding.h; sourceTree = "<group>"; };
/* End PBXFileReference section */

/* Begin PBXFrameworksBuildPhase section */
		8DC2EF560486A6940098B216 /* Frameworks */ = {
			isa = PBXFrameworksBuildPhase;
			buildActionMask = 2147483647;
			files = (
				9EBE79B6150007C4000E767D /* AppKit.framework in Frameworks */,
				22ED5BDC11DF1AC400410529 /* Foundation.framework in Frameworks */,
				9E2725E3150B2301009CBE47 /* CoreData.framework in Frameworks */,
			);
			runOnlyForDeploymentPostprocessing = 0;
		};
		9EBE79E4150040D4000E767D /* Frameworks */ = {
			isa = PBXFrameworksBuildPhase;
			buildActionMask = 2147483647;
			files = (
				9EBE79FF15004163000E767D /* ObjCMongoDB.framework in Frameworks */,
				9EBE79EA150040D4000E767D /* SenTestingKit.framework in Frameworks */,
				9EBE79EC150040D4000E767D /* Cocoa.framework in Frameworks */,
				9E2725E4150B2315009CBE47 /* CoreData.framework in Frameworks */,
			);
			runOnlyForDeploymentPostprocessing = 0;
		};
		9EF20B101516892A009D9402 /* Frameworks */ = {
			isa = PBXFrameworksBuildPhase;
			buildActionMask = 2147483647;
			files = (
				9EF20B151516892A009D9402 /* Cocoa.framework in Frameworks */,
			);
			runOnlyForDeploymentPostprocessing = 0;
		};
		9EFF2B58150D5B7B00EDC285 /* Frameworks */ = {
			isa = PBXFrameworksBuildPhase;
			buildActionMask = 2147483647;
			files = (
				9EFF2B6E150D5C3500EDC285 /* ObjCMongoDB.framework in Frameworks */,
				9EFF2B5D150D5B7B00EDC285 /* SenTestingKit.framework in Frameworks */,
				9EFF2B5E150D5B7B00EDC285 /* Cocoa.framework in Frameworks */,
			);
			runOnlyForDeploymentPostprocessing = 0;
		};
/* End PBXFrameworksBuildPhase section */

/* Begin PBXGroup section */
		034768DFFF38A50411DB9C8B /* Products */ = {
			isa = PBXGroup;
			children = (
				8DC2EF5B0486A6940098B216 /* ObjCMongoDB.framework */,
				9EBE79E8150040D4000E767D /* BSONTests.octest */,
				9EFF2B5C150D5B7B00EDC285 /* MongoTests.octest */,
				9EF20B141516892A009D9402 /* BSON.framework */,
			);
			name = Products;
			sourceTree = "<group>";
		};
		0867D691FE84028FC02AAC07 /* NuMongoDB */ = {
			isa = PBXGroup;
			children = (
				22ED5B4E11DF1A8600410529 /* Classes */,
				9E97CC6A16B054900035480E /* Tests */,
				9E1054431503EE6300805F26 /* Documentation */,
				9E97CC7616B058CA0035480E /* Framework Target Supporting Files */,
				9EBE79CB15003CF2000E767D /* Frameworks */,
				034768DFFF38A50411DB9C8B /* Products */,
			);
			name = NuMongoDB;
			sourceTree = "<group>";
		};
		22ED5B3B11DF1A7200410529 /* mongo-c-driver */ = {
			isa = PBXGroup;
			children = (
				22ED5B3C11DF1A7200410529 /* bson.c */,
				22ED5B3D11DF1A7200410529 /* bson.h */,
				C2891A44150AB6D40065E2E9 /* encoding.c */,
				C2891A45150AB6D40065E2E9 /* encoding.h */,
				9EFA29DC152CCD70004F50D2 /* env.h */,
				9E0A7C5916BEE04100832C86 /* env.c */,
				9EBE79B1150006DF000E767D /* gridfs.c */,
				9EBE79B2150006DF000E767D /* gridfs.h */,
				22ED5B3E11DF1A7200410529 /* md5.c */,
				22ED5B3F11DF1A7200410529 /* md5.h */,
				22ED5B4011DF1A7200410529 /* mongo.c */,
				22ED5B4111DF1A7200410529 /* mongo.h */,
				22ED5B4311DF1A7200410529 /* numbers.c */,
			);
			name = "mongo-c-driver";
			path = "mongo-c-driver/src";
			sourceTree = "<group>";
		};
		22ED5B4E11DF1A8600410529 /* Classes */ = {
			isa = PBXGroup;
			children = (
				9EFF2B73150D6B4100EDC285 /* OrderedDictionary */,
				22ED5B3B11DF1A7200410529 /* mongo-c-driver */,
				9EFF2B51150D059000EDC285 /* BSON */,
				9EFF2B52150D05BD00EDC285 /* Mongo */,
			);
			name = Classes;
			path = ..;
			sourceTree = SOURCE_ROOT;
		};
		9E1054431503EE6300805F26 /* Documentation */ = {
			isa = PBXGroup;
			children = (
				9E1054411503EE5800805F26 /* README */,
				9E1054461503F05000805F26 /* NOTICE */,
				9E1054441503EEEA00805F26 /* APACHE-2.0.txt */,
			);
			name = Documentation;
			path = ..;
			sourceTree = SOURCE_ROOT;
		};
		9E10544E1503F70400805F26 /* ObjCMongoDB */ = {
			isa = PBXGroup;
			children = (
				9E46E9D01504221600F13A36 /* ObjCMongoDB_Prefix.pch */,
				9E1054491503F6ED00805F26 /* ObjcMongoDB-Info.plist */,
			);
			path = ObjCMongoDB;
			sourceTree = "<group>";
		};
		9E97CC6A16B054900035480E /* Tests */ = {
			isa = PBXGroup;
			children = (
				9EFF2B5F150D5B7B00EDC285 /* MongoTests */,
				9EBE79F1150040D4000E767D /* BSONTests */,
			);
			name = Tests;
			path = ../Tests;
			sourceTree = SOURCE_ROOT;
		};
		9E97CC7616B058CA0035480E /* Framework Target Supporting Files */ = {
			isa = PBXGroup;
			children = (
				9EF20B1A1516892A009D9402 /* BSON */,
				9E10544E1503F70400805F26 /* ObjCMongoDB */,
			);
			name = "Framework Target Supporting Files";
			sourceTree = "<group>";
		};
		9EBE79CB15003CF2000E767D /* Frameworks */ = {
			isa = PBXGroup;
			children = (
				9E2725E2150B2301009CBE47 /* CoreData.framework */,
				9EBE79B5150007C4000E767D /* AppKit.framework */,
				0867D69BFE84028FC02AAC07 /* Foundation.framework */,
				9EBE79E9150040D4000E767D /* SenTestingKit.framework */,
				9EBE79EB150040D4000E767D /* Cocoa.framework */,
				9EF20B161516892A009D9402 /* Other Frameworks */,
			);
			name = Frameworks;
			sourceTree = "<group>";
		};
		9EBE79F1150040D4000E767D /* BSONTests */ = {
			isa = PBXGroup;
			children = (
				9EBE79F7150040D5000E767D /* BSONTest.h */,
				9EBE79F8150040D5000E767D /* BSONTest.m */,
				9E2725C0150B16EB009CBE47 /* BSONCoreDataTest.h */,
				9E2725C1150B16EB009CBE47 /* BSONCoreDataTest.m */,
				9E2725C4150B1743009CBE47 /* CoreDataTests.xcdatamodeld */,
				9E2725C7150B17C4009CBE47 /* CDPerson.h */,
				9E2725C8150B17C4009CBE47 /* CDPerson.m */,
				9EBE79F2150040D5000E767D /* Supporting Files */,
			);
			path = BSONTests;
			sourceTree = "<group>";
		};
		9EBE79F2150040D5000E767D /* Supporting Files */ = {
			isa = PBXGroup;
			children = (
				9EBE79F3150040D5000E767D /* BSONTest-Info.plist */,
				9EBE79F4150040D5000E767D /* InfoPlist.strings */,
				9EBE79FA150040D5000E767D /* BSONTest-Prefix.pch */,
			);
			name = "Supporting Files";
			sourceTree = "<group>";
		};
		9EF20B161516892A009D9402 /* Other Frameworks */ = {
			isa = PBXGroup;
			children = (
				9EF20B171516892A009D9402 /* AppKit.framework */,
				9EF20B181516892A009D9402 /* CoreData.framework */,
				9EF20B191516892A009D9402 /* Foundation.framework */,
			);
			name = "Other Frameworks";
			sourceTree = "<group>";
		};
		9EF20B1A1516892A009D9402 /* BSON */ = {
			isa = PBXGroup;
			children = (
				9EF20B201516892A009D9402 /* BSON-Prefix.pch */,
				9EF20B1C1516892A009D9402 /* BSON-Info.plist */,
				9EF20B1D1516892A009D9402 /* InfoPlist.strings */,
			);
			path = BSON;
			sourceTree = "<group>";
		};
		9EFF2B51150D059000EDC285 /* BSON */ = {
			isa = PBXGroup;
			children = (
				9E3E92AF1516A11A00A6F66B /* ObjCBSON.h */,
				9E3E92B51516A1BC00A6F66B /* ObjCBSON.m */,
				9E97CC9916B0629A0035480E /* BSON_PrivateInterfaces.h */,
				9E0A7C5B16BF0AE200832C86 /* NSString+BSONAdditions.h */,
				9E0A7C5C16BF0AE200832C86 /* NSString+BSONAdditions.m */,
				9EBE79B715000EA6000E767D /* BSONTypes.h */,
				9EBE79B815000EA6000E767D /* BSONTypes.m */,
				9E10544F150408DE00805F26 /* BSON_Helper.h */,
				9E105450150408DE00805F26 /* BSON_Helper.m */,
				9EBE79C1150028D1000E767D /* BSONDocument.h */,
				9EBE79C2150028D1000E767D /* BSONDocument.m */,
				9EBE7A06150056FD000E767D /* BSONIterator.h */,
				9EBE7A07150056FD000E767D /* BSONIterator.m */,
				9E901BDF1508195E00CFAC85 /* BSONCoding.h */,
				9E2725DE150B2131009CBE47 /* NSManagedObject+BSONCoding.h */,
				9E2725DF150B2131009CBE47 /* NSManagedObject+BSONCoding.m */,
				9EBE79BD150013B6000E767D /* BSONEncoder.h */,
				9EBE79BE150013B6000E767D /* BSONEncoder.m */,
				9EBE7A021500463F000E767D /* BSONDecoder.h */,
				9EBE7A031500463F000E767D /* BSONDecoder.m */,
			);
			path = BSON;
			sourceTree = "<group>";
		};
		9EFF2B52150D05BD00EDC285 /* Mongo */ = {
			isa = PBXGroup;
			children = (
				9E97CD1316B0A1630035480E /* ObjCMongoDB.h */,
				9E97CC9A16B063530035480E /* Mongo_PrivateInterfaces.h */,
				9EFF2B4C150C455D00EDC285 /* Mongo_Helper.h */,
				9EFF2B4D150C455D00EDC285 /* Mongo_Helper.m */,
				9E2725B7150AF1CD009CBE47 /* MongoConnection.h */,
				9E2725B8150AF1CD009CBE47 /* MongoConnection.m */,
				9E2725F0150C34CA009CBE47 /* MongoDBCollection.h */,
				9E2725F1150C34CA009CBE47 /* MongoDBCollection.m */,
				9E3A0C47150D9C1000BD3933 /* MongoCursor.h */,
				9E3A0C48150D9C1000BD3933 /* MongoCursor.m */,
				9E9BE86F150FBEC600B6FCAB /* MongoPredicate.h */,
				9E9BE870150FBEC600B6FCAB /* MongoPredicate.m */,
				9EFF2B53150D081D00EDC285 /* MongoKeyedPredicate.h */,
				9EFF2B54150D081E00EDC285 /* MongoKeyedPredicate.m */,
				9EFF2B74150D780300EDC285 /* MongoFindRequest.h */,
				9EFF2B75150D780400EDC285 /* MongoFindRequest.m */,
				9EFA29EC152D0649004F50D2 /* MongoUpdateRequest.h */,
				9EFA29ED152D0649004F50D2 /* MongoUpdateRequest.m */,
				9E0A7C6316BF10A000832C86 /* MongoWriteConcern.h */,
				9E0A7C6416BF10A000832C86 /* MongoWriteConcern.m */,
			);
			path = Mongo;
			sourceTree = "<group>";
		};
		9EFF2B5F150D5B7B00EDC285 /* MongoTests */ = {
			isa = PBXGroup;
			children = (
				9E72DC90150EBC7E00217439 /* PredicateTest.h */,
				9E72DC91150EBC7E00217439 /* PredicateTest.m */,
				9EFA29D7152CC65A004F50D2 /* UpdateTest.h */,
				9EFA29D8152CC65A004F50D2 /* UpdateTest.m */,
				9EF20B03151678FF009D9402 /* GetLastErrorTest.h */,
				9EF20B04151678FF009D9402 /* GetLastErrorTest.m */,
				9EE59A6615837B5800040FE7 /* FindTest.h */,
				9EE59A6715837B5800040FE7 /* FindTest.m */,
				9EFF2B60150D5B7B00EDC285 /* Supporting Files */,
			);
			path = MongoTests;
			sourceTree = "<group>";
		};
		9EFF2B60150D5B7B00EDC285 /* Supporting Files */ = {
			isa = PBXGroup;
			children = (
				9EFF2B61150D5B7B00EDC285 /* MongoTests-Info.plist */,
				9EFF2B62150D5B7B00EDC285 /* InfoPlist.strings */,
				9EFF2B68150D5B7B00EDC285 /* MongoTests-Prefix.pch */,
			);
			name = "Supporting Files";
			sourceTree = "<group>";
		};
		9EFF2B73150D6B4100EDC285 /* OrderedDictionary */ = {
			isa = PBXGroup;
			children = (
				9EFF2B70150D6B3600EDC285 /* OrderedDictionary.h */,
				9EFF2B6F150D6B3600EDC285 /* OrderedDictionary.m */,
			);
			path = OrderedDictionary;
			sourceTree = "<group>";
		};
/* End PBXGroup section */

/* Begin PBXHeadersBuildPhase section */
		8DC2EF500486A6940098B216 /* Headers */ = {
			isa = PBXHeadersBuildPhase;
			buildActionMask = 2147483647;
			files = (
				22ED5B4611DF1A7200410529 /* bson.h in Headers */,
				22ED5B4811DF1A7200410529 /* md5.h in Headers */,
				22ED5B4A11DF1A7200410529 /* mongo.h in Headers */,
				9EBE79B4150006DF000E767D /* gridfs.h in Headers */,
				C2891A4A150AB6D40065E2E9 /* encoding.h in Headers */,
				9EBE79B915000EA7000E767D /* BSONTypes.h in Headers */,
				9EBE79BF150013B6000E767D /* BSONEncoder.h in Headers */,
				9EBE79C3150028D1000E767D /* BSONDocument.h in Headers */,
				9EBE7A0415004640000E767D /* BSONDecoder.h in Headers */,
				9EBE7A08150056FE000E767D /* BSONIterator.h in Headers */,
				9E105451150408DF00805F26 /* BSON_Helper.h in Headers */,
				9E901BE01508195E00CFAC85 /* BSONCoding.h in Headers */,
				9E2725B9150AF1CD009CBE47 /* MongoConnection.h in Headers */,
				9E2725E0150B2131009CBE47 /* NSManagedObject+BSONCoding.h in Headers */,
				9E2725F2150C34CB009CBE47 /* MongoDBCollection.h in Headers */,
				9EFF2B55150D081E00EDC285 /* MongoKeyedPredicate.h in Headers */,
				9EFF2B72150D6B3600EDC285 /* OrderedDictionary.h in Headers */,
				9EFF2B76150D780400EDC285 /* MongoFindRequest.h in Headers */,
				9E3A0C49150D9C1000BD3933 /* MongoCursor.h in Headers */,
				9E9BE871150FBEC600B6FCAB /* MongoPredicate.h in Headers */,
				9EFF2B4E150C455D00EDC285 /* Mongo_Helper.h in Headers */,
				9E3E92B11516A11A00A6F66B /* ObjCBSON.h in Headers */,
				9EFA29E1152CCD70004F50D2 /* env.h in Headers */,
				9EFA29EE152D064A004F50D2 /* MongoUpdateRequest.h in Headers */,
				9E97CD1416B0A1630035480E /* ObjCMongoDB.h in Headers */,
				9E97CD1516B0A1850035480E /* Mongo_PrivateInterfaces.h in Headers */,
				9E97CD1616B0A1990035480E /* BSON_PrivateInterfaces.h in Headers */,
				9E0A7C5D16BF0AE300832C86 /* NSString+BSONAdditions.h in Headers */,
				9E0A7C6516BF10A000832C86 /* MongoWriteConcern.h in Headers */,
			);
			runOnlyForDeploymentPostprocessing = 0;
		};
		9EF20B111516892A009D9402 /* Headers */ = {
			isa = PBXHeadersBuildPhase;
			buildActionMask = 2147483647;
			files = (
				9E3E92A71516A0C600A6F66B /* BSONTypes.h in Headers */,
				9E3E92A81516A0C600A6F66B /* BSON_Helper.h in Headers */,
				9E3E92A91516A0C600A6F66B /* BSONDocument.h in Headers */,
				9E3E92AA1516A0C600A6F66B /* BSONIterator.h in Headers */,
				9E3E92AB1516A0C600A6F66B /* BSONCoding.h in Headers */,
				9E3E92AC1516A0C600A6F66B /* BSONEncoder.h in Headers */,
				9E3E92AD1516A0C600A6F66B /* BSONDecoder.h in Headers */,
				9E3E92AE1516A0C600A6F66B /* NSManagedObject+BSONCoding.h in Headers */,
				9E3E92B21516A11A00A6F66B /* ObjCBSON.h in Headers */,
				9E3E92B91516A22700A6F66B /* encoding.h in Headers */,
				9E3E92BD1516A2EC00A6F66B /* bson.h in Headers */,
				9EAAB0461613B35B001436B2 /* OrderedDictionary.h in Headers */,
				9E97CD1716B0A1A10035480E /* BSON_PrivateInterfaces.h in Headers */,
				9E0A7C5E16BF0AE300832C86 /* NSString+BSONAdditions.h in Headers */,
			);
			runOnlyForDeploymentPostprocessing = 0;
		};
/* End PBXHeadersBuildPhase section */

/* Begin PBXNativeTarget section */
		8DC2EF4F0486A6940098B216 /* ObjCMongoDB */ = {
			isa = PBXNativeTarget;
			buildConfigurationList = 1DEB91AD08733DA50010E9CD /* Build configuration list for PBXNativeTarget "ObjCMongoDB" */;
			buildPhases = (
				8DC2EF500486A6940098B216 /* Headers */,
				8DC2EF520486A6940098B216 /* Resources */,
				8DC2EF540486A6940098B216 /* Sources */,
				8DC2EF560486A6940098B216 /* Frameworks */,
			);
			buildRules = (
			);
			dependencies = (
			);
			name = ObjCMongoDB;
			productInstallPath = "$(HOME)/Library/Frameworks";
			productName = NuMongoDB;
			productReference = 8DC2EF5B0486A6940098B216 /* ObjCMongoDB.framework */;
			productType = "com.apple.product-type.framework";
		};
		9EBE79E7150040D4000E767D /* BSONTests */ = {
			isa = PBXNativeTarget;
			buildConfigurationList = 9EBE79FB150040D5000E767D /* Build configuration list for PBXNativeTarget "BSONTests" */;
			buildPhases = (
				9EBE79E3150040D4000E767D /* Sources */,
				9EBE79E4150040D4000E767D /* Frameworks */,
				9EBE79E5150040D4000E767D /* Resources */,
				9EBE79E6150040D4000E767D /* ShellScript */,
			);
			buildRules = (
			);
			dependencies = (
				9EBE7A0115004169000E767D /* PBXTargetDependency */,
			);
			name = BSONTests;
			productName = ObjCBSONTests;
			productReference = 9EBE79E8150040D4000E767D /* BSONTests.octest */;
			productType = "com.apple.product-type.bundle";
		};
		9EF20B131516892A009D9402 /* BSON */ = {
			isa = PBXNativeTarget;
			buildConfigurationList = 9EF20B241516892A009D9402 /* Build configuration list for PBXNativeTarget "BSON" */;
			buildPhases = (
				9EF20B0F1516892A009D9402 /* Sources */,
				9EF20B101516892A009D9402 /* Frameworks */,
				9EF20B111516892A009D9402 /* Headers */,
				9EF20B121516892A009D9402 /* Resources */,
			);
			buildRules = (
			);
			dependencies = (
			);
			name = BSON;
			productName = BSON;
			productReference = 9EF20B141516892A009D9402 /* BSON.framework */;
			productType = "com.apple.product-type.framework";
		};
		9EFF2B5B150D5B7B00EDC285 /* MongoTests */ = {
			isa = PBXNativeTarget;
			buildConfigurationList = 9EFF2B69150D5B7B00EDC285 /* Build configuration list for PBXNativeTarget "MongoTests" */;
			buildPhases = (
				9EFF2B57150D5B7B00EDC285 /* Sources */,
				9EFF2B58150D5B7B00EDC285 /* Frameworks */,
				9EFF2B59150D5B7B00EDC285 /* Resources */,
				9EFF2B5A150D5B7B00EDC285 /* ShellScript */,
			);
			buildRules = (
			);
			dependencies = (
				9EFF2B6D150D5BAA00EDC285 /* PBXTargetDependency */,
			);
			name = MongoTests;
			productName = MongoTests;
			productReference = 9EFF2B5C150D5B7B00EDC285 /* MongoTests.octest */;
			productType = "com.apple.product-type.bundle";
		};
/* End PBXNativeTarget section */

/* Begin PBXProject section */
		0867D690FE84028FC02AAC07 /* Project object */ = {
			isa = PBXProject;
			attributes = {
				LastUpgradeCheck = 0460;
			};
			buildConfigurationList = 1DEB91B108733DA50010E9CD /* Build configuration list for PBXProject "ObjCMongoDB" */;
			compatibilityVersion = "Xcode 3.2";
			developmentRegion = English;
			hasScannedForEncodings = 1;
			knownRegions = (
				English,
				Japanese,
				French,
				German,
				en,
			);
			mainGroup = 0867D691FE84028FC02AAC07 /* NuMongoDB */;
			productRefGroup = 034768DFFF38A50411DB9C8B /* Products */;
			projectDirPath = "";
			projectRoot = "";
			targets = (
				8DC2EF4F0486A6940098B216 /* ObjCMongoDB */,
				9EF20B131516892A009D9402 /* BSON */,
				9EBE79E7150040D4000E767D /* BSONTests */,
				9EFF2B5B150D5B7B00EDC285 /* MongoTests */,
			);
		};
/* End PBXProject section */

/* Begin PBXResourcesBuildPhase section */
		8DC2EF520486A6940098B216 /* Resources */ = {
			isa = PBXResourcesBuildPhase;
			buildActionMask = 2147483647;
			files = (
			);
			runOnlyForDeploymentPostprocessing = 0;
		};
		9EBE79E5150040D4000E767D /* Resources */ = {
			isa = PBXResourcesBuildPhase;
			buildActionMask = 2147483647;
			files = (
				9EBE79F6150040D5000E767D /* InfoPlist.strings in Resources */,
			);
			runOnlyForDeploymentPostprocessing = 0;
		};
		9EF20B121516892A009D9402 /* Resources */ = {
			isa = PBXResourcesBuildPhase;
			buildActionMask = 2147483647;
			files = (
				9EF20B1F1516892A009D9402 /* InfoPlist.strings in Resources */,
			);
			runOnlyForDeploymentPostprocessing = 0;
		};
		9EFF2B59150D5B7B00EDC285 /* Resources */ = {
			isa = PBXResourcesBuildPhase;
			buildActionMask = 2147483647;
			files = (
				9EFF2B64150D5B7B00EDC285 /* InfoPlist.strings in Resources */,
			);
			runOnlyForDeploymentPostprocessing = 0;
		};
/* End PBXResourcesBuildPhase section */

/* Begin PBXShellScriptBuildPhase section */
		9EBE79E6150040D4000E767D /* ShellScript */ = {
			isa = PBXShellScriptBuildPhase;
			buildActionMask = 2147483647;
			files = (
			);
			inputPaths = (
			);
			outputPaths = (
			);
			runOnlyForDeploymentPostprocessing = 0;
			shellPath = /bin/sh;
			shellScript = "# Run the unit tests in this test bundle.\n\"${SYSTEM_DEVELOPER_DIR}/Tools/RunUnitTests\"\n";
		};
		9EFF2B5A150D5B7B00EDC285 /* ShellScript */ = {
			isa = PBXShellScriptBuildPhase;
			buildActionMask = 2147483647;
			files = (
			);
			inputPaths = (
			);
			outputPaths = (
			);
			runOnlyForDeploymentPostprocessing = 0;
			shellPath = /bin/sh;
			shellScript = "# Run the unit tests in this test bundle.\n\"${SYSTEM_DEVELOPER_DIR}/Tools/RunUnitTests\"\n";
		};
/* End PBXShellScriptBuildPhase section */

/* Begin PBXSourcesBuildPhase section */
		8DC2EF540486A6940098B216 /* Sources */ = {
			isa = PBXSourcesBuildPhase;
			buildActionMask = 2147483647;
			files = (
				22ED5B4511DF1A7200410529 /* bson.c in Sources */,
				22ED5B4711DF1A7200410529 /* md5.c in Sources */,
				22ED5B4911DF1A7200410529 /* mongo.c in Sources */,
				22ED5B4C11DF1A7200410529 /* numbers.c in Sources */,
				9EBE79B3150006DF000E767D /* gridfs.c in Sources */,
				9EBE79BA15000EA7000E767D /* BSONTypes.m in Sources */,
				9EBE79C0150013B6000E767D /* BSONEncoder.m in Sources */,
				9EBE79C4150028D1000E767D /* BSONDocument.m in Sources */,
				9EBE7A0515004640000E767D /* BSONDecoder.m in Sources */,
				9EBE7A09150056FE000E767D /* BSONIterator.m in Sources */,
				9E105452150408DF00805F26 /* BSON_Helper.m in Sources */,
				C2891A49150AB6D40065E2E9 /* encoding.c in Sources */,
				9E2725BA150AF1CD009CBE47 /* MongoConnection.m in Sources */,
				9E2725E1150B2131009CBE47 /* NSManagedObject+BSONCoding.m in Sources */,
				9E2725F3150C34CB009CBE47 /* MongoDBCollection.m in Sources */,
				9EFF2B4F150C455D00EDC285 /* Mongo_Helper.m in Sources */,
				9EFF2B56150D081E00EDC285 /* MongoKeyedPredicate.m in Sources */,
				9EFF2B71150D6B3600EDC285 /* OrderedDictionary.m in Sources */,
				9EFF2B77150D780400EDC285 /* MongoFindRequest.m in Sources */,
				9E3A0C4A150D9C1000BD3933 /* MongoCursor.m in Sources */,
				9E9BE872150FBEC600B6FCAB /* MongoPredicate.m in Sources */,
				9E3E92B61516A1BC00A6F66B /* ObjCBSON.m in Sources */,
				9EFA29EF152D064A004F50D2 /* MongoUpdateRequest.m in Sources */,
				9E0A7C5A16BEE04100832C86 /* env.c in Sources */,
				9E0A7C5F16BF0AE300832C86 /* NSString+BSONAdditions.m in Sources */,
				9E0A7C6616BF10A000832C86 /* MongoWriteConcern.m in Sources */,
			);
			runOnlyForDeploymentPostprocessing = 0;
		};
		9EBE79E3150040D4000E767D /* Sources */ = {
			isa = PBXSourcesBuildPhase;
			buildActionMask = 2147483647;
			files = (
				9EBE79F9150040D5000E767D /* BSONTest.m in Sources */,
				9E2725C2150B16EB009CBE47 /* BSONCoreDataTest.m in Sources */,
				9E2725C6150B1743009CBE47 /* CoreDataTests.xcdatamodeld in Sources */,
				9E2725C9150B17C4009CBE47 /* CDPerson.m in Sources */,
				9E0A7C6116BF0AE300832C86 /* NSString+BSONAdditions.m in Sources */,
				9E0A7C6716BF10A000832C86 /* MongoWriteConcern.m in Sources */,
			);
			runOnlyForDeploymentPostprocessing = 0;
		};
		9EF20B0F1516892A009D9402 /* Sources */ = {
			isa = PBXSourcesBuildPhase;
			buildActionMask = 2147483647;
			files = (
				9E3E92A01516A04300A6F66B /* BSONTypes.m in Sources */,
				9E3E92A11516A04300A6F66B /* BSON_Helper.m in Sources */,
				9E3E92A21516A04300A6F66B /* BSONDocument.m in Sources */,
				9E3E92A31516A04300A6F66B /* BSONIterator.m in Sources */,
				9E3E92A41516A04300A6F66B /* BSONEncoder.m in Sources */,
				9E3E92A51516A04300A6F66B /* BSONDecoder.m in Sources */,
				9E3E92A61516A04300A6F66B /* NSManagedObject+BSONCoding.m in Sources */,
				9E3E92B71516A1BC00A6F66B /* ObjCBSON.m in Sources */,
				9E3E92B81516A21500A6F66B /* bson.c in Sources */,
				9E3E92BA1516A24300A6F66B /* numbers.c in Sources */,
				9E3E92BC1516A2C100A6F66B /* encoding.c in Sources */,
				9EAAB0481613B3C1001436B2 /* OrderedDictionary.m in Sources */,
				9E0A7C6016BF0AE300832C86 /* NSString+BSONAdditions.m in Sources */,
			);
			runOnlyForDeploymentPostprocessing = 0;
		};
		9EFF2B57150D5B7B00EDC285 /* Sources */ = {
			isa = PBXSourcesBuildPhase;
			buildActionMask = 2147483647;
			files = (
				9E72DC92150EBC7E00217439 /* PredicateTest.m in Sources */,
				9EF20B0815167949009D9402 /* GetLastErrorTest.m in Sources */,
				9EFA29D9152CC65A004F50D2 /* UpdateTest.m in Sources */,
				9EE59A6815837B5800040FE7 /* FindTest.m in Sources */,
				9E0A7C6216BF0AE300832C86 /* NSString+BSONAdditions.m in Sources */,
				9E0A7C6816BF10A000832C86 /* MongoWriteConcern.m in Sources */,
			);
			runOnlyForDeploymentPostprocessing = 0;
		};
/* End PBXSourcesBuildPhase section */

/* Begin PBXTargetDependency section */
		9EBE7A0115004169000E767D /* PBXTargetDependency */ = {
			isa = PBXTargetDependency;
			target = 8DC2EF4F0486A6940098B216 /* ObjCMongoDB */;
			targetProxy = 9EBE7A0015004169000E767D /* PBXContainerItemProxy */;
		};
		9EFF2B6D150D5BAA00EDC285 /* PBXTargetDependency */ = {
			isa = PBXTargetDependency;
			target = 8DC2EF4F0486A6940098B216 /* ObjCMongoDB */;
			targetProxy = 9EFF2B6C150D5BAA00EDC285 /* PBXContainerItemProxy */;
		};
/* End PBXTargetDependency section */

/* Begin PBXVariantGroup section */
		9EBE79F4150040D5000E767D /* InfoPlist.strings */ = {
			isa = PBXVariantGroup;
			children = (
				9EBE79F5150040D5000E767D /* en */,
			);
			name = InfoPlist.strings;
			sourceTree = "<group>";
		};
		9EF20B1D1516892A009D9402 /* InfoPlist.strings */ = {
			isa = PBXVariantGroup;
			children = (
				9EF20B1E1516892A009D9402 /* en */,
			);
			name = InfoPlist.strings;
			sourceTree = "<group>";
		};
		9EFF2B62150D5B7B00EDC285 /* InfoPlist.strings */ = {
			isa = PBXVariantGroup;
			children = (
				9EFF2B63150D5B7B00EDC285 /* en */,
			);
			name = InfoPlist.strings;
			sourceTree = "<group>";
		};
/* End PBXVariantGroup section */

/* Begin XCBuildConfiguration section */
		1DEB91AE08733DA50010E9CD /* Debug */ = {
			isa = XCBuildConfiguration;
			buildSettings = {
				ALWAYS_SEARCH_USER_PATHS = NO;
				ARCHS = "$(ARCHS_STANDARD_64_BIT)";
				COMBINE_HIDPI_IMAGES = YES;
				COPY_PHASE_STRIP = NO;
				DYLIB_COMPATIBILITY_VERSION = 1;
				DYLIB_CURRENT_VERSION = 1;
				FRAMEWORK_VERSION = A;
				GCC_MODEL_TUNING = G5;
				GCC_PRECOMPILE_PREFIX_HEADER = YES;
				GCC_PREFIX_HEADER = ObjCMongoDB/ObjCMongoDB_Prefix.pch;
				GCC_VERSION = com.apple.compilers.llvm.clang.1_0;
				INFOPLIST_FILE = "ObjCMongoDB/ObjCMongoDB-Info.plist";
				PRODUCT_NAME = ObjCMongoDB;
				WRAPPER_EXTENSION = framework;
			};
			name = Debug;
		};
		1DEB91AF08733DA50010E9CD /* Release */ = {
			isa = XCBuildConfiguration;
			buildSettings = {
				ALWAYS_SEARCH_USER_PATHS = NO;
				ARCHS = "$(ARCHS_STANDARD_64_BIT)";
				COMBINE_HIDPI_IMAGES = YES;
				DEBUG_INFORMATION_FORMAT = "dwarf-with-dsym";
				DYLIB_COMPATIBILITY_VERSION = 1;
				DYLIB_CURRENT_VERSION = 1;
				FRAMEWORK_VERSION = A;
				GCC_MODEL_TUNING = G5;
				GCC_PRECOMPILE_PREFIX_HEADER = YES;
				GCC_PREFIX_HEADER = ObjCMongoDB/ObjCMongoDB_Prefix.pch;
				GCC_VERSION = com.apple.compilers.llvm.clang.1_0;
				INFOPLIST_FILE = "ObjCMongoDB/ObjCMongoDB-Info.plist";
				PRODUCT_NAME = ObjCMongoDB;
				WRAPPER_EXTENSION = framework;
			};
			name = Release;
		};
		1DEB91B208733DA50010E9CD /* Debug */ = {
			isa = XCBuildConfiguration;
			buildSettings = {
				ARCHS = "$(ARCHS_STANDARD_32_64_BIT)";
				CLANG_ENABLE_OBJC_ARC = NO;
				GCC_C_LANGUAGE_STANDARD = gnu99;
				GCC_OPTIMIZATION_LEVEL = 0;
				GCC_WARN_ABOUT_RETURN_TYPE = YES;
				GCC_WARN_UNUSED_VARIABLE = YES;
				INSTALL_PATH = "@executable_path/../Frameworks";
				ONLY_ACTIVE_ARCH = YES;
				SDKROOT = "";
				SKIP_INSTALL = YES;
			};
			name = Debug;
		};
		1DEB91B308733DA50010E9CD /* Release */ = {
			isa = XCBuildConfiguration;
			buildSettings = {
				ARCHS = "$(ARCHS_STANDARD_32_64_BIT)";
				CLANG_ENABLE_OBJC_ARC = NO;
				GCC_C_LANGUAGE_STANDARD = gnu99;
				GCC_WARN_ABOUT_RETURN_TYPE = YES;
				GCC_WARN_UNUSED_VARIABLE = YES;
				INSTALL_PATH = "@executable_path/../Frameworks";
				SDKROOT = "";
				SKIP_INSTALL = YES;
			};
			name = Release;
		};
		9EBE79FC150040D5000E767D /* Debug */ = {
			isa = XCBuildConfiguration;
			buildSettings = {
				ALWAYS_SEARCH_USER_PATHS = NO;
				ARCHS = "$(ARCHS_STANDARD_64_BIT)";
				CLANG_ENABLE_OBJC_ARC = NO;
				COMBINE_HIDPI_IMAGES = YES;
				COPY_PHASE_STRIP = NO;
				FRAMEWORK_SEARCH_PATHS = "$(DEVELOPER_LIBRARY_DIR)/Frameworks";
				GCC_DYNAMIC_NO_PIC = NO;
				GCC_ENABLE_OBJC_EXCEPTIONS = YES;
				GCC_PRECOMPILE_PREFIX_HEADER = YES;
				GCC_PREFIX_HEADER = "../Tests/BSONTests/BSONTest-Prefix.pch";
				GCC_PREPROCESSOR_DEFINITIONS = (
					"DEBUG=1",
					"$(inherited)",
				);
				GCC_SYMBOLS_PRIVATE_EXTERN = NO;
				GCC_VERSION = com.apple.compilers.llvm.clang.1_0;
				GCC_WARN_64_TO_32_BIT_CONVERSION = YES;
				GCC_WARN_ABOUT_MISSING_PROTOTYPES = YES;
				INFOPLIST_FILE = "../Tests/BSONTests/BSONTest-Info.plist";
				MACOSX_DEPLOYMENT_TARGET = 10.7;
				MallocStackLogging = Yes;
				PRODUCT_NAME = "$(TARGET_NAME)";
				WRAPPER_EXTENSION = octest;
			};
			name = Debug;
		};
		9EBE79FD150040D5000E767D /* Release */ = {
			isa = XCBuildConfiguration;
			buildSettings = {
				ALWAYS_SEARCH_USER_PATHS = NO;
				ARCHS = "$(ARCHS_STANDARD_64_BIT)";
				CLANG_ENABLE_OBJC_ARC = NO;
				COMBINE_HIDPI_IMAGES = YES;
				COPY_PHASE_STRIP = YES;
				DEBUG_INFORMATION_FORMAT = "dwarf-with-dsym";
				FRAMEWORK_SEARCH_PATHS = "$(DEVELOPER_LIBRARY_DIR)/Frameworks";
				GCC_ENABLE_OBJC_EXCEPTIONS = YES;
				GCC_PRECOMPILE_PREFIX_HEADER = YES;
				GCC_PREFIX_HEADER = "../Tests/BSONTests/BSONTest-Prefix.pch";
				GCC_VERSION = com.apple.compilers.llvm.clang.1_0;
				GCC_WARN_64_TO_32_BIT_CONVERSION = YES;
				GCC_WARN_ABOUT_MISSING_PROTOTYPES = YES;
				INFOPLIST_FILE = "../Tests/BSONTests/BSONTest-Info.plist";
				MACOSX_DEPLOYMENT_TARGET = 10.7;
				MallocStackLogging = Yes;
				PRODUCT_NAME = "$(TARGET_NAME)";
				WRAPPER_EXTENSION = octest;
			};
			name = Release;
		};
		9EF20B251516892A009D9402 /* Debug */ = {
			isa = XCBuildConfiguration;
			buildSettings = {
				ALWAYS_SEARCH_USER_PATHS = NO;
				ARCHS = "$(ARCHS_STANDARD_64_BIT)";
				COMBINE_HIDPI_IMAGES = YES;
				COPY_PHASE_STRIP = NO;
				DYLIB_COMPATIBILITY_VERSION = 1;
				DYLIB_CURRENT_VERSION = 1;
				FRAMEWORK_VERSION = A;
				GCC_PRECOMPILE_PREFIX_HEADER = YES;
				GCC_PREFIX_HEADER = "BSON/BSON-Prefix.pch";
				GCC_PREPROCESSOR_DEFINITIONS = (
					"DEBUG=1",
					"$(inherited)",
				);
				GCC_VERSION = com.apple.compilers.llvm.clang.1_0;
				INFOPLIST_FILE = "BSON/BSON-Info.plist";
				PRODUCT_NAME = "$(TARGET_NAME)";
				WRAPPER_EXTENSION = framework;
			};
			name = Debug;
		};
		9EF20B261516892A009D9402 /* Release */ = {
			isa = XCBuildConfiguration;
			buildSettings = {
				ALWAYS_SEARCH_USER_PATHS = NO;
				ARCHS = "$(ARCHS_STANDARD_64_BIT)";
				COMBINE_HIDPI_IMAGES = YES;
				COPY_PHASE_STRIP = YES;
				DEBUG_INFORMATION_FORMAT = "dwarf-with-dsym";
				DYLIB_COMPATIBILITY_VERSION = 1;
				DYLIB_CURRENT_VERSION = 1;
				FRAMEWORK_VERSION = A;
				GCC_PRECOMPILE_PREFIX_HEADER = YES;
				GCC_PREFIX_HEADER = "BSON/BSON-Prefix.pch";
				GCC_VERSION = com.apple.compilers.llvm.clang.1_0;
				INFOPLIST_FILE = "BSON/BSON-Info.plist";
				PRODUCT_NAME = "$(TARGET_NAME)";
				WRAPPER_EXTENSION = framework;
			};
			name = Release;
		};
		9EFF2B6A150D5B7B00EDC285 /* Debug */ = {
			isa = XCBuildConfiguration;
			buildSettings = {
				ALWAYS_SEARCH_USER_PATHS = NO;
				ARCHS = "$(ARCHS_STANDARD_64_BIT)";
				CLANG_ENABLE_OBJC_ARC = YES;
				COMBINE_HIDPI_IMAGES = YES;
				COPY_PHASE_STRIP = NO;
				FRAMEWORK_SEARCH_PATHS = "$(DEVELOPER_LIBRARY_DIR)/Frameworks";
				GCC_DYNAMIC_NO_PIC = NO;
				GCC_ENABLE_OBJC_EXCEPTIONS = YES;
				GCC_PRECOMPILE_PREFIX_HEADER = YES;
				GCC_PREFIX_HEADER = "../Tests/MongoTests/MongoTests-Prefix.pch";
				GCC_PREPROCESSOR_DEFINITIONS = (
					"DEBUG=1",
					"$(inherited)",
				);
				GCC_SYMBOLS_PRIVATE_EXTERN = NO;
				GCC_VERSION = com.apple.compilers.llvm.clang.1_0;
				GCC_WARN_64_TO_32_BIT_CONVERSION = YES;
				INFOPLIST_FILE = "../Tests/MongoTests/MongoTests-Info.plist";
				MACOSX_DEPLOYMENT_TARGET = 10.7;
				PRODUCT_NAME = "$(TARGET_NAME)";
				WRAPPER_EXTENSION = octest;
			};
			name = Debug;
		};
		9EFF2B6B150D5B7B00EDC285 /* Release */ = {
			isa = XCBuildConfiguration;
			buildSettings = {
				ALWAYS_SEARCH_USER_PATHS = NO;
				ARCHS = "$(ARCHS_STANDARD_64_BIT)";
				CLANG_ENABLE_OBJC_ARC = YES;
				COMBINE_HIDPI_IMAGES = YES;
				COPY_PHASE_STRIP = YES;
				DEBUG_INFORMATION_FORMAT = "dwarf-with-dsym";
				FRAMEWORK_SEARCH_PATHS = "$(DEVELOPER_LIBRARY_DIR)/Frameworks";
				GCC_ENABLE_OBJC_EXCEPTIONS = YES;
				GCC_PRECOMPILE_PREFIX_HEADER = YES;
				GCC_PREFIX_HEADER = "../Tests/MongoTests/MongoTests-Prefix.pch";
				GCC_VERSION = com.apple.compilers.llvm.clang.1_0;
				GCC_WARN_64_TO_32_BIT_CONVERSION = YES;
				INFOPLIST_FILE = "../Tests/MongoTests/MongoTests-Info.plist";
				MACOSX_DEPLOYMENT_TARGET = 10.7;
				PRODUCT_NAME = "$(TARGET_NAME)";
				WRAPPER_EXTENSION = octest;
			};
			name = Release;
		};
/* End XCBuildConfiguration section */

/* Begin XCConfigurationList section */
		1DEB91AD08733DA50010E9CD /* Build configuration list for PBXNativeTarget "ObjCMongoDB" */ = {
			isa = XCConfigurationList;
			buildConfigurations = (
				1DEB91AE08733DA50010E9CD /* Debug */,
				1DEB91AF08733DA50010E9CD /* Release */,
			);
			defaultConfigurationIsVisible = 0;
			defaultConfigurationName = Release;
		};
		1DEB91B108733DA50010E9CD /* Build configuration list for PBXProject "ObjCMongoDB" */ = {
			isa = XCConfigurationList;
			buildConfigurations = (
				1DEB91B208733DA50010E9CD /* Debug */,
				1DEB91B308733DA50010E9CD /* Release */,
			);
			defaultConfigurationIsVisible = 0;
			defaultConfigurationName = Release;
		};
		9EBE79FB150040D5000E767D /* Build configuration list for PBXNativeTarget "BSONTests" */ = {
			isa = XCConfigurationList;
			buildConfigurations = (
				9EBE79FC150040D5000E767D /* Debug */,
				9EBE79FD150040D5000E767D /* Release */,
			);
			defaultConfigurationIsVisible = 0;
			defaultConfigurationName = Release;
		};
		9EF20B241516892A009D9402 /* Build configuration list for PBXNativeTarget "BSON" */ = {
			isa = XCConfigurationList;
			buildConfigurations = (
				9EF20B251516892A009D9402 /* Debug */,
				9EF20B261516892A009D9402 /* Release */,
			);
			defaultConfigurationIsVisible = 0;
			defaultConfigurationName = Release;
		};
		9EFF2B69150D5B7B00EDC285 /* Build configuration list for PBXNativeTarget "MongoTests" */ = {
			isa = XCConfigurationList;
			buildConfigurations = (
				9EFF2B6A150D5B7B00EDC285 /* Debug */,
				9EFF2B6B150D5B7B00EDC285 /* Release */,
			);
			defaultConfigurationIsVisible = 0;
			defaultConfigurationName = Release;
		};
/* End XCConfigurationList section */

/* Begin XCVersionGroup section */
		9E2725C4150B1743009CBE47 /* CoreDataTests.xcdatamodeld */ = {
			isa = XCVersionGroup;
			children = (
				9E2725C5150B1743009CBE47 /* CoreDataTests.xcdatamodel */,
			);
			currentVersion = 9E2725C5150B1743009CBE47 /* CoreDataTests.xcdatamodel */;
			path = CoreDataTests.xcdatamodeld;
			sourceTree = "<group>";
			versionGroupType = wrapper.xcdatamodel;
		};
/* End XCVersionGroup section */
	};
	rootObject = 0867D690FE84028FC02AAC07 /* Project object */;
}
