// !$*UTF8*$!
{
	archiveVersion = 1;
	classes = {
	};
	objectVersion = 46;
	objects = {

/* Begin PBXBuildFile section */
		22739CE01231446B00909551 /* NuBSON.h in Headers */ = {isa = PBXBuildFile; fileRef = 22739CDE1231446B00909551 /* NuBSON.h */; };
		22739CE11231446B00909551 /* NuBSON.m in Sources */ = {isa = PBXBuildFile; fileRef = 22739CDF1231446B00909551 /* NuBSON.m */; };
		22ED5B4511DF1A7200410529 /* bson.c in Sources */ = {isa = PBXBuildFile; fileRef = 22ED5B3C11DF1A7200410529 /* bson.c */; };
		22ED5B4611DF1A7200410529 /* bson.h in Headers */ = {isa = PBXBuildFile; fileRef = 22ED5B3D11DF1A7200410529 /* bson.h */; settings = {ATTRIBUTES = (Public, ); }; };
		22ED5B4711DF1A7200410529 /* md5.c in Sources */ = {isa = PBXBuildFile; fileRef = 22ED5B3E11DF1A7200410529 /* md5.c */; };
		22ED5B4811DF1A7200410529 /* md5.h in Headers */ = {isa = PBXBuildFile; fileRef = 22ED5B3F11DF1A7200410529 /* md5.h */; settings = {ATTRIBUTES = (Public, ); }; };
		22ED5B4911DF1A7200410529 /* mongo.c in Sources */ = {isa = PBXBuildFile; fileRef = 22ED5B4011DF1A7200410529 /* mongo.c */; };
		22ED5B4A11DF1A7200410529 /* mongo.h in Headers */ = {isa = PBXBuildFile; fileRef = 22ED5B4111DF1A7200410529 /* mongo.h */; settings = {ATTRIBUTES = (Public, ); }; };
		22ED5B4B11DF1A7200410529 /* mongo_except.h in Headers */ = {isa = PBXBuildFile; fileRef = 22ED5B4211DF1A7200410529 /* mongo_except.h */; settings = {ATTRIBUTES = (Public, ); }; };
		22ED5B4C11DF1A7200410529 /* numbers.c in Sources */ = {isa = PBXBuildFile; fileRef = 22ED5B4311DF1A7200410529 /* numbers.c */; };
		22ED5B4D11DF1A7200410529 /* platform_hacks.h in Headers */ = {isa = PBXBuildFile; fileRef = 22ED5B4411DF1A7200410529 /* platform_hacks.h */; settings = {ATTRIBUTES = (Public, ); }; };
		22ED5B5111DF1A8600410529 /* NuMongoDB.h in Headers */ = {isa = PBXBuildFile; fileRef = 22ED5B4F11DF1A8600410529 /* NuMongoDB.h */; settings = {ATTRIBUTES = (Public, ); }; };
		22ED5B5211DF1A8600410529 /* NuMongoDB.m in Sources */ = {isa = PBXBuildFile; fileRef = 22ED5B5011DF1A8600410529 /* NuMongoDB.m */; };
		22ED5BDC11DF1AC400410529 /* Foundation.framework in Frameworks */ = {isa = PBXBuildFile; fileRef = 0867D69BFE84028FC02AAC07 /* Foundation.framework */; };
		22ED5BE911DF1AED00410529 /* NuMongoDB.framework in Frameworks */ = {isa = PBXBuildFile; fileRef = 8DC2EF5B0486A6940098B216 /* NuMongoDB.framework */; };
		22ED5BF111DF1B3200410529 /* NuJSON.framework in Frameworks */ = {isa = PBXBuildFile; fileRef = 22ED5BF011DF1B3200410529 /* NuJSON.framework */; };
		22ED5BF611DF1B5E00410529 /* sample.m in Sources */ = {isa = PBXBuildFile; fileRef = 22ED5BF511DF1B5E00410529 /* sample.m */; };
		8DC2EF530486A6940098B216 /* InfoPlist.strings in Resources */ = {isa = PBXBuildFile; fileRef = 089C1666FE841158C02AAC07 /* InfoPlist.strings */; };
		9EBE79B3150006DF000E767D /* gridfs.c in Sources */ = {isa = PBXBuildFile; fileRef = 9EBE79B1150006DF000E767D /* gridfs.c */; };
		9EBE79B4150006DF000E767D /* gridfs.h in Headers */ = {isa = PBXBuildFile; fileRef = 9EBE79B2150006DF000E767D /* gridfs.h */; };
		9EBE79B6150007C4000E767D /* AppKit.framework in Frameworks */ = {isa = PBXBuildFile; fileRef = 9EBE79B5150007C4000E767D /* AppKit.framework */; };
/* End PBXBuildFile section */

/* Begin PBXContainerItemProxy section */
		22ED5BE711DF1AE700410529 /* PBXContainerItemProxy */ = {
			isa = PBXContainerItemProxy;
			containerPortal = 0867D690FE84028FC02AAC07 /* Project object */;
			proxyType = 1;
			remoteGlobalIDString = 8DC2EF4F0486A6940098B216;
			remoteInfo = NuMongoDB;
		};
/* End PBXContainerItemProxy section */

/* Begin PBXFileReference section */
		0867D69BFE84028FC02AAC07 /* Foundation.framework */ = {isa = PBXFileReference; lastKnownFileType = wrapper.framework; name = Foundation.framework; path = /System/Library/Frameworks/Foundation.framework; sourceTree = "<absolute>"; };
		089C1667FE841158C02AAC07 /* English */ = {isa = PBXFileReference; fileEncoding = 4; lastKnownFileType = text.plist.strings; name = English; path = English.lproj/InfoPlist.strings; sourceTree = "<group>"; };
		22739CDE1231446B00909551 /* NuBSON.h */ = {isa = PBXFileReference; fileEncoding = 4; lastKnownFileType = sourcecode.c.h; path = NuBSON.h; sourceTree = "<group>"; };
		22739CDF1231446B00909551 /* NuBSON.m */ = {isa = PBXFileReference; fileEncoding = 4; lastKnownFileType = sourcecode.c.objc; path = NuBSON.m; sourceTree = "<group>"; };
		22ED5B3C11DF1A7200410529 /* bson.c */ = {isa = PBXFileReference; fileEncoding = 4; lastKnownFileType = sourcecode.c.c; path = bson.c; sourceTree = "<group>"; };
		22ED5B3D11DF1A7200410529 /* bson.h */ = {isa = PBXFileReference; fileEncoding = 4; lastKnownFileType = sourcecode.c.h; path = bson.h; sourceTree = "<group>"; };
		22ED5B3E11DF1A7200410529 /* md5.c */ = {isa = PBXFileReference; fileEncoding = 4; lastKnownFileType = sourcecode.c.c; path = md5.c; sourceTree = "<group>"; };
		22ED5B3F11DF1A7200410529 /* md5.h */ = {isa = PBXFileReference; fileEncoding = 4; lastKnownFileType = sourcecode.c.h; path = md5.h; sourceTree = "<group>"; };
		22ED5B4011DF1A7200410529 /* mongo.c */ = {isa = PBXFileReference; fileEncoding = 4; lastKnownFileType = sourcecode.c.c; path = mongo.c; sourceTree = "<group>"; };
		22ED5B4111DF1A7200410529 /* mongo.h */ = {isa = PBXFileReference; fileEncoding = 4; lastKnownFileType = sourcecode.c.h; path = mongo.h; sourceTree = "<group>"; };
		22ED5B4211DF1A7200410529 /* mongo_except.h */ = {isa = PBXFileReference; fileEncoding = 4; lastKnownFileType = sourcecode.c.h; path = mongo_except.h; sourceTree = "<group>"; };
		22ED5B4311DF1A7200410529 /* numbers.c */ = {isa = PBXFileReference; fileEncoding = 4; lastKnownFileType = sourcecode.c.c; path = numbers.c; sourceTree = "<group>"; };
		22ED5B4411DF1A7200410529 /* platform_hacks.h */ = {isa = PBXFileReference; fileEncoding = 4; lastKnownFileType = sourcecode.c.h; path = platform_hacks.h; sourceTree = "<group>"; };
		22ED5B4F11DF1A8600410529 /* NuMongoDB.h */ = {isa = PBXFileReference; fileEncoding = 4; lastKnownFileType = sourcecode.c.h; path = NuMongoDB.h; sourceTree = "<group>"; };
		22ED5B5011DF1A8600410529 /* NuMongoDB.m */ = {isa = PBXFileReference; fileEncoding = 4; lastKnownFileType = sourcecode.c.objc; path = NuMongoDB.m; sourceTree = "<group>"; };
		22ED5BE311DF1AE100410529 /* sample */ = {isa = PBXFileReference; explicitFileType = "compiled.mach-o.executable"; includeInIndex = 0; path = sample; sourceTree = BUILT_PRODUCTS_DIR; };
		22ED5BF011DF1B3200410529 /* NuJSON.framework */ = {isa = PBXFileReference; lastKnownFileType = wrapper.framework; name = NuJSON.framework; path = /Library/Frameworks/NuJSON.framework; sourceTree = "<absolute>"; };
		22ED5BF511DF1B5E00410529 /* sample.m */ = {isa = PBXFileReference; fileEncoding = 4; lastKnownFileType = sourcecode.c.objc; path = sample.m; sourceTree = "<group>"; };
		32DBCF5E0370ADEE00C91783 /* ObjCMongoDB_Prefix.pch */ = {isa = PBXFileReference; fileEncoding = 4; lastKnownFileType = sourcecode.c.h; path = ObjCMongoDB_Prefix.pch; sourceTree = "<group>"; };
		8DC2EF5A0486A6940098B216 /* Info.plist */ = {isa = PBXFileReference; fileEncoding = 4; lastKnownFileType = text.plist.xml; path = Info.plist; sourceTree = "<group>"; };
		8DC2EF5B0486A6940098B216 /* NuMongoDB.framework */ = {isa = PBXFileReference; explicitFileType = wrapper.framework; includeInIndex = 0; path = NuMongoDB.framework; sourceTree = BUILT_PRODUCTS_DIR; };
		9EBE79B1150006DF000E767D /* gridfs.c */ = {isa = PBXFileReference; fileEncoding = 4; lastKnownFileType = sourcecode.c.c; path = gridfs.c; sourceTree = "<group>"; };
		9EBE79B2150006DF000E767D /* gridfs.h */ = {isa = PBXFileReference; fileEncoding = 4; lastKnownFileType = sourcecode.c.h; path = gridfs.h; sourceTree = "<group>"; };
		9EBE79B5150007C4000E767D /* AppKit.framework */ = {isa = PBXFileReference; lastKnownFileType = wrapper.framework; name = AppKit.framework; path = System/Library/Frameworks/AppKit.framework; sourceTree = SDKROOT; };
/* End PBXFileReference section */

/* Begin PBXFrameworksBuildPhase section */
		22ED5BE111DF1AE100410529 /* Frameworks */ = {
			isa = PBXFrameworksBuildPhase;
			buildActionMask = 2147483647;
			files = (
				22ED5BE911DF1AED00410529 /* NuMongoDB.framework in Frameworks */,
				22ED5BF111DF1B3200410529 /* NuJSON.framework in Frameworks */,
			);
			runOnlyForDeploymentPostprocessing = 0;
		};
		8DC2EF560486A6940098B216 /* Frameworks */ = {
			isa = PBXFrameworksBuildPhase;
			buildActionMask = 2147483647;
			files = (
				9EBE79B6150007C4000E767D /* AppKit.framework in Frameworks */,
				22ED5BDC11DF1AC400410529 /* Foundation.framework in Frameworks */,
			);
			runOnlyForDeploymentPostprocessing = 0;
		};
/* End PBXFrameworksBuildPhase section */

/* Begin PBXGroup section */
		034768DFFF38A50411DB9C8B /* Products */ = {
			isa = PBXGroup;
			children = (
				8DC2EF5B0486A6940098B216 /* NuMongoDB.framework */,
				22ED5BE311DF1AE100410529 /* sample */,
			);
			name = Products;
			sourceTree = "<group>";
		};
		0867D691FE84028FC02AAC07 /* NuMongoDB */ = {
			isa = PBXGroup;
			children = (
				9EBE79B5150007C4000E767D /* AppKit.framework */,
				22ED5B4E11DF1A8600410529 /* objc */,
				22ED5B3B11DF1A7200410529 /* src */,
				32C88DFF0371C24200C91783 /* Other Sources */,
				089C1665FE841158C02AAC07 /* Resources */,
				0867D69AFE84028FC02AAC07 /* External Frameworks and Libraries */,
				034768DFFF38A50411DB9C8B /* Products */,
				22ED5BF511DF1B5E00410529 /* sample.m */,
			);
			name = NuMongoDB;
			sourceTree = "<group>";
		};
		0867D69AFE84028FC02AAC07 /* External Frameworks and Libraries */ = {
			isa = PBXGroup;
			children = (
				1058C7B0FEA5585E11CA2CBB /* Linked Frameworks */,
				1058C7B2FEA5585E11CA2CBB /* Other Frameworks */,
			);
			name = "External Frameworks and Libraries";
			sourceTree = "<group>";
		};
		089C1665FE841158C02AAC07 /* Resources */ = {
			isa = PBXGroup;
			children = (
				8DC2EF5A0486A6940098B216 /* Info.plist */,
				089C1666FE841158C02AAC07 /* InfoPlist.strings */,
			);
			name = Resources;
			sourceTree = "<group>";
		};
		1058C7B0FEA5585E11CA2CBB /* Linked Frameworks */ = {
			isa = PBXGroup;
			children = (
				22ED5BF011DF1B3200410529 /* NuJSON.framework */,
				0867D69BFE84028FC02AAC07 /* Foundation.framework */,
			);
			name = "Linked Frameworks";
			sourceTree = "<group>";
		};
		1058C7B2FEA5585E11CA2CBB /* Other Frameworks */ = {
			isa = PBXGroup;
			children = (
			);
			name = "Other Frameworks";
			sourceTree = "<group>";
		};
		22ED5B3B11DF1A7200410529 /* src */ = {
			isa = PBXGroup;
			children = (
				22ED5B3C11DF1A7200410529 /* bson.c */,
				22ED5B3D11DF1A7200410529 /* bson.h */,
				9EBE79B1150006DF000E767D /* gridfs.c */,
				9EBE79B2150006DF000E767D /* gridfs.h */,
				22ED5B3E11DF1A7200410529 /* md5.c */,
				22ED5B3F11DF1A7200410529 /* md5.h */,
				22ED5B4011DF1A7200410529 /* mongo.c */,
				22ED5B4111DF1A7200410529 /* mongo.h */,
				22ED5B4211DF1A7200410529 /* mongo_except.h */,
				22ED5B4311DF1A7200410529 /* numbers.c */,
				22ED5B4411DF1A7200410529 /* platform_hacks.h */,
			);
			name = src;
			path = ../../src;
			sourceTree = SOURCE_ROOT;
		};
		22ED5B4E11DF1A8600410529 /* objc */ = {
			isa = PBXGroup;
			children = (
				22739CDE1231446B00909551 /* NuBSON.h */,
				22739CDF1231446B00909551 /* NuBSON.m */,
				22ED5B4F11DF1A8600410529 /* NuMongoDB.h */,
				22ED5B5011DF1A8600410529 /* NuMongoDB.m */,
			);
			name = objc;
			path = ../../objc;
			sourceTree = SOURCE_ROOT;
		};
		32C88DFF0371C24200C91783 /* Other Sources */ = {
			isa = PBXGroup;
			children = (
				32DBCF5E0370ADEE00C91783 /* ObjCMongoDB_Prefix.pch */,
			);
			name = "Other Sources";
			sourceTree = "<group>";
		};
/* End PBXGroup section */

/* Begin PBXHeadersBuildPhase section */
		8DC2EF500486A6940098B216 /* Headers */ = {
			isa = PBXHeadersBuildPhase;
			buildActionMask = 2147483647;
			files = (
				22ED5B4611DF1A7200410529 /* bson.h in Headers */,
				22ED5B4811DF1A7200410529 /* md5.h in Headers */,
				22ED5B4A11DF1A7200410529 /* mongo.h in Headers */,
				22ED5B4B11DF1A7200410529 /* mongo_except.h in Headers */,
				22ED5B4D11DF1A7200410529 /* platform_hacks.h in Headers */,
				22ED5B5111DF1A8600410529 /* NuMongoDB.h in Headers */,
				22739CE01231446B00909551 /* NuBSON.h in Headers */,
				9EBE79B4150006DF000E767D /* gridfs.h in Headers */,
			);
			runOnlyForDeploymentPostprocessing = 0;
		};
/* End PBXHeadersBuildPhase section */

/* Begin PBXNativeTarget section */
		22ED5BE211DF1AE100410529 /* sample */ = {
			isa = PBXNativeTarget;
			buildConfigurationList = 22ED5BEC11DF1B0D00410529 /* Build configuration list for PBXNativeTarget "sample" */;
			buildPhases = (
				22ED5BE011DF1AE100410529 /* Sources */,
				22ED5BE111DF1AE100410529 /* Frameworks */,
			);
			buildRules = (
			);
			dependencies = (
				22ED5BE811DF1AE700410529 /* PBXTargetDependency */,
			);
			name = sample;
			productName = sample;
			productReference = 22ED5BE311DF1AE100410529 /* sample */;
			productType = "com.apple.product-type.tool";
		};
		8DC2EF4F0486A6940098B216 /* ObjCMongoDB */ = {
			isa = PBXNativeTarget;
			buildConfigurationList = 1DEB91AD08733DA50010E9CD /* Build configuration list for PBXNativeTarget "ObjCMongoDB" */;
			buildPhases = (
				8DC2EF500486A6940098B216 /* Headers */,
				8DC2EF520486A6940098B216 /* Resources */,
				8DC2EF540486A6940098B216 /* Sources */,
				8DC2EF560486A6940098B216 /* Frameworks */,
			);
			buildRules = (
			);
			dependencies = (
			);
			name = ObjCMongoDB;
			productInstallPath = "$(HOME)/Library/Frameworks";
			productName = NuMongoDB;
			productReference = 8DC2EF5B0486A6940098B216 /* NuMongoDB.framework */;
			productType = "com.apple.product-type.framework";
		};
/* End PBXNativeTarget section */

/* Begin PBXProject section */
		0867D690FE84028FC02AAC07 /* Project object */ = {
			isa = PBXProject;
			attributes = {
				LastUpgradeCheck = 0420;
			};
			buildConfigurationList = 1DEB91B108733DA50010E9CD /* Build configuration list for PBXProject "ObjCMongoDB" */;
			compatibilityVersion = "Xcode 3.2";
			developmentRegion = English;
			hasScannedForEncodings = 1;
			knownRegions = (
				English,
				Japanese,
				French,
				German,
			);
			mainGroup = 0867D691FE84028FC02AAC07 /* NuMongoDB */;
			productRefGroup = 034768DFFF38A50411DB9C8B /* Products */;
			projectDirPath = "";
			projectRoot = "";
			targets = (
				8DC2EF4F0486A6940098B216 /* ObjCMongoDB */,
				22ED5BE211DF1AE100410529 /* sample */,
			);
		};
/* End PBXProject section */

/* Begin PBXResourcesBuildPhase section */
		8DC2EF520486A6940098B216 /* Resources */ = {
			isa = PBXResourcesBuildPhase;
			buildActionMask = 2147483647;
			files = (
				8DC2EF530486A6940098B216 /* InfoPlist.strings in Resources */,
			);
			runOnlyForDeploymentPostprocessing = 0;
		};
/* End PBXResourcesBuildPhase section */

/* Begin PBXSourcesBuildPhase section */
		22ED5BE011DF1AE100410529 /* Sources */ = {
			isa = PBXSourcesBuildPhase;
			buildActionMask = 2147483647;
			files = (
				22ED5BF611DF1B5E00410529 /* sample.m in Sources */,
			);
			runOnlyForDeploymentPostprocessing = 0;
		};
		8DC2EF540486A6940098B216 /* Sources */ = {
			isa = PBXSourcesBuildPhase;
			buildActionMask = 2147483647;
			files = (
				22ED5B4511DF1A7200410529 /* bson.c in Sources */,
				22ED5B4711DF1A7200410529 /* md5.c in Sources */,
				22ED5B4911DF1A7200410529 /* mongo.c in Sources */,
				22ED5B4C11DF1A7200410529 /* numbers.c in Sources */,
				22ED5B5211DF1A8600410529 /* NuMongoDB.m in Sources */,
				22739CE11231446B00909551 /* NuBSON.m in Sources */,
				9EBE79B3150006DF000E767D /* gridfs.c in Sources */,
			);
			runOnlyForDeploymentPostprocessing = 0;
		};
/* End PBXSourcesBuildPhase section */

/* Begin PBXTargetDependency section */
		22ED5BE811DF1AE700410529 /* PBXTargetDependency */ = {
			isa = PBXTargetDependency;
			target = 8DC2EF4F0486A6940098B216 /* ObjCMongoDB */;
			targetProxy = 22ED5BE711DF1AE700410529 /* PBXContainerItemProxy */;
		};
/* End PBXTargetDependency section */

/* Begin PBXVariantGroup section */
		089C1666FE841158C02AAC07 /* InfoPlist.strings */ = {
			isa = PBXVariantGroup;
			children = (
				089C1667FE841158C02AAC07 /* English */,
			);
			name = InfoPlist.strings;
			sourceTree = "<group>";
		};
/* End PBXVariantGroup section */

/* Begin XCBuildConfiguration section */
		1DEB91AE08733DA50010E9CD /* Debug */ = {
			isa = XCBuildConfiguration;
			buildSettings = {
				ALWAYS_SEARCH_USER_PATHS = NO;
				COPY_PHASE_STRIP = NO;
				DYLIB_COMPATIBILITY_VERSION = 1;
				DYLIB_CURRENT_VERSION = 1;
				FRAMEWORK_VERSION = A;
				GCC_DYNAMIC_NO_PIC = NO;
				GCC_MODEL_TUNING = G5;
				GCC_OPTIMIZATION_LEVEL = 0;
				GCC_PRECOMPILE_PREFIX_HEADER = YES;
				GCC_PREFIX_HEADER = ObjCMongoDB_Prefix.pch;
				INFOPLIST_FILE = Info.plist;
				INSTALL_PATH = "$(HOME)/Library/Frameworks";
				PRODUCT_NAME = NuMongoDB;
				WRAPPER_EXTENSION = framework;
			};
			name = Debug;
		};
		1DEB91AF08733DA50010E9CD /* Release */ = {
			isa = XCBuildConfiguration;
			buildSettings = {
				ALWAYS_SEARCH_USER_PATHS = NO;
				DEBUG_INFORMATION_FORMAT = "dwarf-with-dsym";
				DYLIB_COMPATIBILITY_VERSION = 1;
				DYLIB_CURRENT_VERSION = 1;
				FRAMEWORK_VERSION = A;
				GCC_MODEL_TUNING = G5;
				GCC_PRECOMPILE_PREFIX_HEADER = YES;
				GCC_PREFIX_HEADER = ObjCMongoDB_Prefix.pch;
				INFOPLIST_FILE = Info.plist;
				INSTALL_PATH = "$(HOME)/Library/Frameworks";
				PRODUCT_NAME = NuMongoDB;
				WRAPPER_EXTENSION = framework;
			};
			name = Release;
		};
		1DEB91B208733DA50010E9CD /* Debug */ = {
			isa = XCBuildConfiguration;
			buildSettings = {
				ARCHS = "$(ARCHS_STANDARD_32_64_BIT)";
				GCC_C_LANGUAGE_STANDARD = gnu99;
				GCC_OPTIMIZATION_LEVEL = 0;
				GCC_WARN_ABOUT_RETURN_TYPE = YES;
				GCC_WARN_UNUSED_VARIABLE = YES;
				ONLY_ACTIVE_ARCH = YES;
				SDKROOT = macosx;
			};
			name = Debug;
		};
		1DEB91B308733DA50010E9CD /* Release */ = {
			isa = XCBuildConfiguration;
			buildSettings = {
				ARCHS = "$(ARCHS_STANDARD_32_64_BIT)";
				GCC_C_LANGUAGE_STANDARD = gnu99;
				GCC_WARN_ABOUT_RETURN_TYPE = YES;
				GCC_WARN_UNUSED_VARIABLE = YES;
				SDKROOT = macosx;
			};
			name = Release;
		};
		22ED5BE511DF1AE100410529 /* Debug */ = {
			isa = XCBuildConfiguration;
			buildSettings = {
				ALWAYS_SEARCH_USER_PATHS = NO;
				COPY_PHASE_STRIP = NO;
				GCC_DYNAMIC_NO_PIC = NO;
				GCC_MODEL_TUNING = G5;
				GCC_OPTIMIZATION_LEVEL = 0;
				GCC_PRECOMPILE_PREFIX_HEADER = YES;
				GCC_PREFIX_HEADER = "$(SYSTEM_LIBRARY_DIR)/Frameworks/AppKit.framework/Headers/AppKit.h";
				INSTALL_PATH = /usr/local/bin;
				OTHER_LDFLAGS = (
					"-framework",
					Foundation,
					"-framework",
					AppKit,
				);
				PRODUCT_NAME = sample;
			};
			name = Debug;
		};
		22ED5BE611DF1AE100410529 /* Release */ = {
			isa = XCBuildConfiguration;
			buildSettings = {
				ALWAYS_SEARCH_USER_PATHS = NO;
				COPY_PHASE_STRIP = YES;
				DEBUG_INFORMATION_FORMAT = "dwarf-with-dsym";
				GCC_MODEL_TUNING = G5;
				GCC_PRECOMPILE_PREFIX_HEADER = YES;
				GCC_PREFIX_HEADER = "$(SYSTEM_LIBRARY_DIR)/Frameworks/AppKit.framework/Headers/AppKit.h";
				INSTALL_PATH = /usr/local/bin;
				OTHER_LDFLAGS = (
					"-framework",
					Foundation,
					"-framework",
					AppKit,
				);
				PRODUCT_NAME = sample;
				ZERO_LINK = NO;
			};
			name = Release;
		};
/* End XCBuildConfiguration section */

/* Begin XCConfigurationList section */
		1DEB91AD08733DA50010E9CD /* Build configuration list for PBXNativeTarget "ObjCMongoDB" */ = {
			isa = XCConfigurationList;
			buildConfigurations = (
				1DEB91AE08733DA50010E9CD /* Debug */,
				1DEB91AF08733DA50010E9CD /* Release */,
			);
			defaultConfigurationIsVisible = 0;
			defaultConfigurationName = Release;
		};
		1DEB91B108733DA50010E9CD /* Build configuration list for PBXProject "ObjCMongoDB" */ = {
			isa = XCConfigurationList;
			buildConfigurations = (
				1DEB91B208733DA50010E9CD /* Debug */,
				1DEB91B308733DA50010E9CD /* Release */,
			);
			defaultConfigurationIsVisible = 0;
			defaultConfigurationName = Release;
		};
		22ED5BEC11DF1B0D00410529 /* Build configuration list for PBXNativeTarget "sample" */ = {
			isa = XCConfigurationList;
			buildConfigurations = (
				22ED5BE511DF1AE100410529 /* Debug */,
				22ED5BE611DF1AE100410529 /* Release */,
			);
			defaultConfigurationIsVisible = 0;
			defaultConfigurationName = Release;
		};
/* End XCConfigurationList section */
	};
	rootObject = 0867D690FE84028FC02AAC07 /* Project object */;
}
